// !$*UTF8*$!
{
	archiveVersion = 1;
	classes = {
	};
	objectVersion = 46;
	objects = {

/* Begin PBXBuildFile section */
		A31402DA1B9DF74A00AE011B /* Nimble.framework in CopyFiles */ = {isa = PBXBuildFile; fileRef = A3CB26501B9DF6FA00802E80 /* Nimble.framework */; settings = {ATTRIBUTES = (CodeSignOnCopy, RemoveHeadersOnCopy, ); }; };
		A31402DB1B9DF74A00AE011B /* Quick.framework in CopyFiles */ = {isa = PBXBuildFile; fileRef = A3CB26511B9DF6FA00802E80 /* Quick.framework */; settings = {ATTRIBUTES = (CodeSignOnCopy, RemoveHeadersOnCopy, ); }; };
		A31BF35E1BBE81B900756EB7 /* Array+Extensions.swift in Sources */ = {isa = PBXBuildFile; fileRef = A31BF35D1BBE81B900756EB7 /* Array+Extensions.swift */; };
		A31BF3661BBE857000756EB7 /* Timer.swift in Sources */ = {isa = PBXBuildFile; fileRef = A31BF3651BBE857000756EB7 /* Timer.swift */; };
		A31BF3681BBE8C1100756EB7 /* Parameters.swift in Sources */ = {isa = PBXBuildFile; fileRef = A31BF3671BBE8C1100756EB7 /* Parameters.swift */; };
		A31BF3801BBED60F00756EB7 /* Version.swift in Sources */ = {isa = PBXBuildFile; fileRef = A31BF37F1BBED60F00756EB7 /* Version.swift */; };
		A32714351BC7DDF000F3B5C6 /* install in CopyFiles */ = {isa = PBXBuildFile; fileRef = A359CE201BC6C1D900845B7F /* install */; };
		A33033921B982605000E683F /* main.swift in Sources */ = {isa = PBXBuildFile; fileRef = A33033911B982605000E683F /* main.swift */; };
		A36B2F0A1B98244F0049F590 /* TaylorTests.swift in Sources */ = {isa = PBXBuildFile; fileRef = A36B2F091B98244F0049F590 /* TaylorTests.swift */; };
		A370D4BB1BAC137B00C5DE95 /* Printer.framework in Frameworks */ = {isa = PBXBuildFile; fileRef = A37E1BB51BA98C0D00C56372 /* Printer.framework */; };
		A38712E21BEBD55E00880448 /* Component.swift in Sources */ = {isa = PBXBuildFile; fileRef = A38712901BEBD55E00880448 /* Component.swift */; };
		A38712E31BEBD55E00880448 /* ComponentRange.swift in Sources */ = {isa = PBXBuildFile; fileRef = A38712911BEBD55E00880448 /* ComponentRange.swift */; };
		A38712E41BEBD55E00880448 /* FileContent.swift in Sources */ = {isa = PBXBuildFile; fileRef = A38712921BEBD55E00880448 /* FileContent.swift */; };
		A38712E51BEBD55E00880448 /* Utilities.swift in Sources */ = {isa = PBXBuildFile; fileRef = A38712931BEBD55E00880448 /* Utilities.swift */; };
		A38712E61BEBD55E00880448 /* Exceptions.swift in Sources */ = {isa = PBXBuildFile; fileRef = A38712961BEBD55E00880448 /* Exceptions.swift */; };
		A38712E71BEBD55E00880448 /* ExcludesFileReader.swift in Sources */ = {isa = PBXBuildFile; fileRef = A38712981BEBD55E00880448 /* ExcludesFileReader.swift */; };
		A38712E81BEBD55E00880448 /* Extensions.swift in Sources */ = {isa = PBXBuildFile; fileRef = A38712991BEBD55E00880448 /* Extensions.swift */; };
		A38712E91BEBD55E00880448 /* InformationalOptionsFactory.swift in Sources */ = {isa = PBXBuildFile; fileRef = A387129A1BEBD55E00880448 /* InformationalOptionsFactory.swift */; };
		A38712EA1BEBD55E00880448 /* MessageProcessor.swift in Sources */ = {isa = PBXBuildFile; fileRef = A387129B1BEBD55E00880448 /* MessageProcessor.swift */; };
		A38712EB1BEBD55E00880448 /* ExcludeOption.swift in Sources */ = {isa = PBXBuildFile; fileRef = A387129D1BEBD55E00880448 /* ExcludeOption.swift */; };
		A38712EC1BEBD55E00880448 /* ExcludesFileOption.swift in Sources */ = {isa = PBXBuildFile; fileRef = A387129E1BEBD55E00880448 /* ExcludesFileOption.swift */; };
		A38712ED1BEBD55E00880448 /* ExecutableOption.swift in Sources */ = {isa = PBXBuildFile; fileRef = A387129F1BEBD55E00880448 /* ExecutableOption.swift */; };
		A38712EE1BEBD55E00880448 /* FileOption.swift in Sources */ = {isa = PBXBuildFile; fileRef = A38712A01BEBD55E00880448 /* FileOption.swift */; };
		A38712EF1BEBD55E00880448 /* InformationalOption.swift in Sources */ = {isa = PBXBuildFile; fileRef = A38712A11BEBD55E00880448 /* InformationalOption.swift */; };
		A38712F01BEBD55E00880448 /* Option.swift in Sources */ = {isa = PBXBuildFile; fileRef = A38712A21BEBD55E00880448 /* Option.swift */; };
		A38712F11BEBD55E00880448 /* PathOption.swift in Sources */ = {isa = PBXBuildFile; fileRef = A38712A31BEBD55E00880448 /* PathOption.swift */; };
		A38712F21BEBD55E00880448 /* ReporterOption.swift in Sources */ = {isa = PBXBuildFile; fileRef = A38712A41BEBD55E00880448 /* ReporterOption.swift */; };
		A38712F31BEBD55E00880448 /* RuleCustomizationOption.swift in Sources */ = {isa = PBXBuildFile; fileRef = A38712A51BEBD55E00880448 /* RuleCustomizationOption.swift */; };
		A38712F41BEBD55E00880448 /* TypeOption.swift in Sources */ = {isa = PBXBuildFile; fileRef = A38712A61BEBD55E00880448 /* TypeOption.swift */; };
		A38712F51BEBD55E00880448 /* VerbosityOption.swift in Sources */ = {isa = PBXBuildFile; fileRef = A38712A71BEBD55E00880448 /* VerbosityOption.swift */; };
		A38712F61BEBD55E00880448 /* OptionsProcessor.swift in Sources */ = {isa = PBXBuildFile; fileRef = A38712A81BEBD55E00880448 /* OptionsProcessor.swift */; };
		A38712F71BEBD55E00880448 /* OptionsValidator.swift in Sources */ = {isa = PBXBuildFile; fileRef = A38712A91BEBD55E00880448 /* OptionsValidator.swift */; };
		A38712F81BEBD55E00880448 /* PathFormatter.swift in Sources */ = {isa = PBXBuildFile; fileRef = A38712AA1BEBD55E00880448 /* PathFormatter.swift */; };
		A38712F91BEBD55E00880448 /* Caprice.swift in Sources */ = {isa = PBXBuildFile; fileRef = A38712AC1BEBD55E00880448 /* Caprice.swift */; };
		A38712FA1BEBD55E00880448 /* Constants.swift in Sources */ = {isa = PBXBuildFile; fileRef = A38712B01BEBD55E00880448 /* Constants.swift */; };
		A38712FB1BEBD55E00880448 /* ErrorPrinter.swift in Sources */ = {isa = PBXBuildFile; fileRef = A38712B11BEBD55E00880448 /* ErrorPrinter.swift */; };
		A38712FC1BEBD55E00880448 /* Excludes.swift in Sources */ = {isa = PBXBuildFile; fileRef = A38712B21BEBD55E00880448 /* Excludes.swift */; };
		A38712FD1BEBD55E00880448 /* Extensions.swift in Sources */ = {isa = PBXBuildFile; fileRef = A38712B31BEBD55E00880448 /* Extensions.swift */; };
		A38712FE1BEBD55E00880448 /* Finder.swift in Sources */ = {isa = PBXBuildFile; fileRef = A38712B41BEBD55E00880448 /* Finder.swift */; };
		A38712FF1BEBD55E00880448 /* Parameters.swift in Sources */ = {isa = PBXBuildFile; fileRef = A38712B51BEBD55E00880448 /* Parameters.swift */; };
		A38713001BEBD55E00880448 /* Printer.swift in Sources */ = {isa = PBXBuildFile; fileRef = A38712B71BEBD55E00880448 /* Printer.swift */; };
		A38713011BEBD55E00880448 /* PacMan.swift in Sources */ = {isa = PBXBuildFile; fileRef = A38712BC1BEBD55E00880448 /* PacMan.swift */; };
		A38713021BEBD55E00880448 /* ExtendedComponent.swift in Sources */ = {isa = PBXBuildFile; fileRef = A38712BE1BEBD55E00880448 /* ExtendedComponent.swift */; };
		A38713031BEBD55E00880448 /* Extensions.swift in Sources */ = {isa = PBXBuildFile; fileRef = A38712BF1BEBD55E00880448 /* Extensions.swift */; };
		A38713041BEBD55E00880448 /* PySwiftyRegex.swift in Sources */ = {isa = PBXBuildFile; fileRef = A38712C11BEBD55E00880448 /* PySwiftyRegex.swift */; };
		A38713051BEBD55E00880448 /* Finder.swift in Sources */ = {isa = PBXBuildFile; fileRef = A38712C21BEBD55E00880448 /* Finder.swift */; };
		A38713061BEBD55E00880448 /* SourceKittenFramework.framework in Frameworks */ = {isa = PBXBuildFile; fileRef = A38712C41BEBD55E00880448 /* SourceKittenFramework.framework */; };
		A38713071BEBD55E00880448 /* SwiftXPC.framework in Frameworks */ = {isa = PBXBuildFile; fileRef = A38712C51BEBD55E00880448 /* SwiftXPC.framework */; };
		A38713081BEBD55E00880448 /* SWXMLHash.framework in Frameworks */ = {isa = PBXBuildFile; fileRef = A38712C61BEBD55E00880448 /* SWXMLHash.framework */; };
		A38713091BEBD55E00880448 /* Scissors.swift in Sources */ = {isa = PBXBuildFile; fileRef = A38712C71BEBD55E00880448 /* Scissors.swift */; };
		A387130A1BEBD55E00880448 /* Tree.swift in Sources */ = {isa = PBXBuildFile; fileRef = A38712C81BEBD55E00880448 /* Tree.swift */; };
		A387130B1BEBD55E00880448 /* Component.swift in Sources */ = {isa = PBXBuildFile; fileRef = A38712CB1BEBD55E00880448 /* Component.swift */; };
		A387130C1BEBD55E00880448 /* Temper.swift in Sources */ = {isa = PBXBuildFile; fileRef = A38712CD1BEBD55E00880448 /* Temper.swift */; };
		A387130D1BEBD55E00880448 /* JSONCoordinator.swift in Sources */ = {isa = PBXBuildFile; fileRef = A38712CF1BEBD55E00880448 /* JSONCoordinator.swift */; };
		A387130E1BEBD55E00880448 /* OutputCoordinator.swift in Sources */ = {isa = PBXBuildFile; fileRef = A38712D01BEBD55E00880448 /* OutputCoordinator.swift */; };
		A387130F1BEBD55E00880448 /* PLAINCoordinator.swift in Sources */ = {isa = PBXBuildFile; fileRef = A38712D11BEBD55E00880448 /* PLAINCoordinator.swift */; };
		A38713101BEBD55E00880448 /* PMDCoordinator.swift in Sources */ = {isa = PBXBuildFile; fileRef = A38712D21BEBD55E00880448 /* PMDCoordinator.swift */; };
		A38713111BEBD55E00880448 /* XcodeCoordinator.swift in Sources */ = {isa = PBXBuildFile; fileRef = A38712D31BEBD55E00880448 /* XcodeCoordinator.swift */; };
		A38713121BEBD55E00880448 /* Reporter.swift in Sources */ = {isa = PBXBuildFile; fileRef = A38712D51BEBD55E00880448 /* Reporter.swift */; };
		A38713131BEBD55E00880448 /* CyclomaticComplexityRule.swift in Sources */ = {isa = PBXBuildFile; fileRef = A38712D71BEBD55E00880448 /* CyclomaticComplexityRule.swift */; };
		A38713141BEBD55E00880448 /* ExcessiveParameterListRule.swift in Sources */ = {isa = PBXBuildFile; fileRef = A38712D81BEBD55E00880448 /* ExcessiveParameterListRule.swift */; };
		A38713151BEBD55E00880448 /* NestedBlockDepthRule.swift in Sources */ = {isa = PBXBuildFile; fileRef = A38712D91BEBD55E00880448 /* NestedBlockDepthRule.swift */; };
		A38713161BEBD55E00880448 /* NPathComplexityRule.swift in Sources */ = {isa = PBXBuildFile; fileRef = A38712DA1BEBD55E00880448 /* NPathComplexityRule.swift */; };
		A38713171BEBD55E00880448 /* NumberOfLinesInClassRule.swift in Sources */ = {isa = PBXBuildFile; fileRef = A38712DB1BEBD55E00880448 /* NumberOfLinesInClassRule.swift */; };
		A38713181BEBD55E00880448 /* NumberOfLinesInMethodRule.swift in Sources */ = {isa = PBXBuildFile; fileRef = A38712DC1BEBD55E00880448 /* NumberOfLinesInMethodRule.swift */; };
		A38713191BEBD55E00880448 /* NumberOfMethodsInClassRule.swift in Sources */ = {isa = PBXBuildFile; fileRef = A38712DD1BEBD55E00880448 /* NumberOfMethodsInClassRule.swift */; };
		A387131A1BEBD55E00880448 /* Rule.swift in Sources */ = {isa = PBXBuildFile; fileRef = A38712DE1BEBD55E00880448 /* Rule.swift */; };
		A387131B1BEBD55E00880448 /* RulesFactory.swift in Sources */ = {isa = PBXBuildFile; fileRef = A38712DF1BEBD55E00880448 /* RulesFactory.swift */; };
		A387131C1BEBD55E00880448 /* Violation.swift in Sources */ = {isa = PBXBuildFile; fileRef = A38712E11BEBD55E00880448 /* Violation.swift */; };
		A387136B1BEBD5A200880448 /* ComponentRangeTests.swift in Sources */ = {isa = PBXBuildFile; fileRef = A387131E1BEBD5A200880448 /* ComponentRangeTests.swift */; };
		A387136C1BEBD5A200880448 /* ComponentTests.swift in Sources */ = {isa = PBXBuildFile; fileRef = A387131F1BEBD5A200880448 /* ComponentTests.swift */; };
		A387136D1BEBD5A200880448 /* FileContentTests.swift in Sources */ = {isa = PBXBuildFile; fileRef = A38713201BEBD5A200880448 /* FileContentTests.swift */; };
		A387136F1BEBD5A200880448 /* UtilitiesTests.swift in Sources */ = {isa = PBXBuildFile; fileRef = A38713221BEBD5A200880448 /* UtilitiesTests.swift */; };
		A38713701BEBD5A200880448 /* MockFileManager.swift in Sources */ = {isa = PBXBuildFile; fileRef = A38713251BEBD5A200880448 /* MockFileManager.swift */; };
		A38713711BEBD5A200880448 /* MockMessageProcessor.swift in Sources */ = {isa = PBXBuildFile; fileRef = A38713261BEBD5A200880448 /* MockMessageProcessor.swift */; };
		A38713721BEBD5A200880448 /* MockOptionsProcessor.swift in Sources */ = {isa = PBXBuildFile; fileRef = A38713271BEBD5A200880448 /* MockOptionsProcessor.swift */; };
		A38713731BEBD5A200880448 /* emptyExcludes.yml in Resources */ = {isa = PBXBuildFile; fileRef = A38713291BEBD5A200880448 /* emptyExcludes.yml */; };
		A38713741BEBD5A200880448 /* excludes.yml in Resources */ = {isa = PBXBuildFile; fileRef = A387132A1BEBD5A200880448 /* excludes.yml */; };
		A38713751BEBD5A200880448 /* CapriceTests.swift in Sources */ = {isa = PBXBuildFile; fileRef = A387132C1BEBD5A200880448 /* CapriceTests.swift */; };
		A38713761BEBD5A200880448 /* ExcludesFileReaderTests.swift in Sources */ = {isa = PBXBuildFile; fileRef = A387132D1BEBD5A200880448 /* ExcludesFileReaderTests.swift */; };
		A38713771BEBD5A200880448 /* FiltererTests.swift in Sources */ = {isa = PBXBuildFile; fileRef = A387132E1BEBD5A200880448 /* FiltererTests.swift */; };
		A38713781BEBD5A200880448 /* MessageProcessorTests.swift in Sources */ = {isa = PBXBuildFile; fileRef = A387132F1BEBD5A200880448 /* MessageProcessorTests.swift */; };
		A38713791BEBD5A200880448 /* OptionsProcessorTests.swift in Sources */ = {isa = PBXBuildFile; fileRef = A38713301BEBD5A200880448 /* OptionsProcessorTests.swift */; };
		A387137A1BEBD5A200880448 /* OptionsValidatorTests.swift in Sources */ = {isa = PBXBuildFile; fileRef = A38713311BEBD5A200880448 /* OptionsValidatorTests.swift */; };
		A387137B1BEBD5A200880448 /* PathFormatterTests.swift in Sources */ = {isa = PBXBuildFile; fileRef = A38713321BEBD5A200880448 /* PathFormatterTests.swift */; };
		A387137C1BEBD5A200880448 /* VerbosityOptionTests.swift in Sources */ = {isa = PBXBuildFile; fileRef = A38713331BEBD5A200880448 /* VerbosityOptionTests.swift */; };
		A387137D1BEBD5A200880448 /* ExcludesTests.swift in Sources */ = {isa = PBXBuildFile; fileRef = A38713351BEBD5A200880448 /* ExcludesTests.swift */; };
		A387137E1BEBD5A200880448 /* FinderTests.swift in Sources */ = {isa = PBXBuildFile; fileRef = A38713361BEBD5A200880448 /* FinderTests.swift */; };
		A387137F1BEBD5A200880448 /* MockFileManager.swift in Sources */ = {isa = PBXBuildFile; fileRef = A38713371BEBD5A200880448 /* MockFileManager.swift */; };
		A38713801BEBD5A200880448 /* ParametersTests.swift in Sources */ = {isa = PBXBuildFile; fileRef = A38713381BEBD5A200880448 /* ParametersTests.swift */; };
		A38713811BEBD5A200880448 /* PrinterTests.swift in Sources */ = {isa = PBXBuildFile; fileRef = A387133A1BEBD5A200880448 /* PrinterTests.swift */; };
		A38713821BEBD5A200880448 /* ComponentsBuilder.swift in Sources */ = {isa = PBXBuildFile; fileRef = A387133D1BEBD5A200880448 /* ComponentsBuilder.swift */; };
		A38713831BEBD5A200880448 /* TestFileBraceWithParameter.txt in Resources */ = {isa = PBXBuildFile; fileRef = A387133F1BEBD5A200880448 /* TestFileBraceWithParameter.txt */; };
		A38713841BEBD5A200880448 /* TestFileClosures.txt in Resources */ = {isa = PBXBuildFile; fileRef = A38713401BEBD5A200880448 /* TestFileClosures.txt */; };
		A38713851BEBD5A200880448 /* TestFileComments.txt in Resources */ = {isa = PBXBuildFile; fileRef = A38713411BEBD5A200880448 /* TestFileComments.txt */; };
		A38713861BEBD5A200880448 /* TestFileComputedProperties.txt in Resources */ = {isa = PBXBuildFile; fileRef = A38713421BEBD5A200880448 /* TestFileComputedProperties.txt */; };
		A38713871BEBD5A200880448 /* TestFileDoCatchInsideIf.txt in Resources */ = {isa = PBXBuildFile; fileRef = A38713431BEBD5A200880448 /* TestFileDoCatchInsideIf.txt */; };
		A38713881BEBD5A200880448 /* TestFileElseif.txt in Resources */ = {isa = PBXBuildFile; fileRef = A38713441BEBD5A200880448 /* TestFileElseif.txt */; };
		A38713891BEBD5A200880448 /* TestFileEmpty.txt in Resources */ = {isa = PBXBuildFile; fileRef = A38713451BEBD5A200880448 /* TestFileEmpty.txt */; };
		A387138A1BEBD5A200880448 /* TestFileEmptyLines.txt in Resources */ = {isa = PBXBuildFile; fileRef = A38713461BEBD5A200880448 /* TestFileEmptyLines.txt */; };
		A387138B1BEBD5A200880448 /* TestFileGettersSetters.txt in Resources */ = {isa = PBXBuildFile; fileRef = A38713471BEBD5A200880448 /* TestFileGettersSetters.txt */; };
		A387138C1BEBD5A200880448 /* TestFileIfElifElse.txt in Resources */ = {isa = PBXBuildFile; fileRef = A38713481BEBD5A200880448 /* TestFileIfElifElse.txt */; };
		A387138D1BEBD5A200880448 /* TestFileIfElse.txt in Resources */ = {isa = PBXBuildFile; fileRef = A38713491BEBD5A200880448 /* TestFileIfElse.txt */; };
		A387138E1BEBD5A200880448 /* TestFileMoreThan1K.swift in Sources */ = {isa = PBXBuildFile; fileRef = A387134A1BEBD5A200880448 /* TestFileMoreThan1K.swift */; };
		A387138F1BEBD5A200880448 /* TestFileMoreThan2K.swift in Sources */ = {isa = PBXBuildFile; fileRef = A387134B1BEBD5A200880448 /* TestFileMoreThan2K.swift */; };
		A38713901BEBD5A200880448 /* TestFileMoreThan3K.swift in Sources */ = {isa = PBXBuildFile; fileRef = A387134C1BEBD5A200880448 /* TestFileMoreThan3K.swift */; };
		A38713911BEBD5A200880448 /* TestFileMoreThan500.swift in Sources */ = {isa = PBXBuildFile; fileRef = A387134D1BEBD5A200880448 /* TestFileMoreThan500.swift */; };
		A38713921BEBD5A200880448 /* TestFileOneClass.txt in Resources */ = {isa = PBXBuildFile; fileRef = A387134E1BEBD5A200880448 /* TestFileOneClass.txt */; };
		A38713931BEBD5A200880448 /* TestFileOneClassOneFunc.txt in Resources */ = {isa = PBXBuildFile; fileRef = A387134F1BEBD5A200880448 /* TestFileOneClassOneFunc.txt */; };
		A38713941BEBD5A200880448 /* TestFileOneStructOneEnum.txt in Resources */ = {isa = PBXBuildFile; fileRef = A38713501BEBD5A200880448 /* TestFileOneStructOneEnum.txt */; };
		A38713951BEBD5A200880448 /* TestFileRandom.txt in Resources */ = {isa = PBXBuildFile; fileRef = A38713511BEBD5A200880448 /* TestFileRandom.txt */; };
		A38713961BEBD5A200880448 /* TestFileRepeatWhile.txt in Resources */ = {isa = PBXBuildFile; fileRef = A38713521BEBD5A200880448 /* TestFileRepeatWhile.txt */; };
		A38713971BEBD5A200880448 /* TestFileStrings.txt in Resources */ = {isa = PBXBuildFile; fileRef = A38713531BEBD5A200880448 /* TestFileStrings.txt */; };
		A38713981BEBD5A200880448 /* TestFileTernary.txt in Resources */ = {isa = PBXBuildFile; fileRef = A38713541BEBD5A200880448 /* TestFileTernary.txt */; };
		A38713991BEBD5A200880448 /* TestFileTernaryNilc.txt in Resources */ = {isa = PBXBuildFile; fileRef = A38713551BEBD5A200880448 /* TestFileTernaryNilc.txt */; };
		A387139A1BEBD5A200880448 /* PacManTests.swift in Sources */ = {isa = PBXBuildFile; fileRef = A38713571BEBD5A200880448 /* PacManTests.swift */; };
		A387139B1BEBD5A200880448 /* TokenizerTests.swift in Sources */ = {isa = PBXBuildFile; fileRef = A38713581BEBD5A200880448 /* TokenizerTests.swift */; };
		A387139C1BEBD5A200880448 /* ComponentExtensionsTests.swift in Sources */ = {isa = PBXBuildFile; fileRef = A387135A1BEBD5A200880448 /* ComponentExtensionsTests.swift */; };
		A387139D1BEBD5A200880448 /* ComponentRangeExtensionsTests.swift in Sources */ = {isa = PBXBuildFile; fileRef = A387135B1BEBD5A200880448 /* ComponentRangeExtensionsTests.swift */; };
		A387139E1BEBD5A200880448 /* CyclomaticComplexityTests.swift in Sources */ = {isa = PBXBuildFile; fileRef = A387135C1BEBD5A200880448 /* CyclomaticComplexityTests.swift */; };
		A387139F1BEBD5A200880448 /* DictionaryTests.swift in Sources */ = {isa = PBXBuildFile; fileRef = A387135D1BEBD5A200880448 /* DictionaryTests.swift */; };
		A38713A01BEBD5A200880448 /* ExcessiveParameterListRuleTests.swift in Sources */ = {isa = PBXBuildFile; fileRef = A387135E1BEBD5A200880448 /* ExcessiveParameterListRuleTests.swift */; };
		A38713A11BEBD5A200880448 /* NestedBlockDepthRuleTests.swift in Sources */ = {isa = PBXBuildFile; fileRef = A387135F1BEBD5A200880448 /* NestedBlockDepthRuleTests.swift */; };
		A38713A21BEBD5A200880448 /* NPathComplexityRuleTests.swift in Sources */ = {isa = PBXBuildFile; fileRef = A38713601BEBD5A200880448 /* NPathComplexityRuleTests.swift */; };
		A38713A31BEBD5A200880448 /* NSFileManagerTests.swift in Sources */ = {isa = PBXBuildFile; fileRef = A38713611BEBD5A200880448 /* NSFileManagerTests.swift */; };
		A38713A41BEBD5A200880448 /* NumberOfLinesInClassRuleTests.swift in Sources */ = {isa = PBXBuildFile; fileRef = A38713621BEBD5A200880448 /* NumberOfLinesInClassRuleTests.swift */; };
		A38713A51BEBD5A200880448 /* NumberOfLinesInMethodRuleTests.swift in Sources */ = {isa = PBXBuildFile; fileRef = A38713631BEBD5A200880448 /* NumberOfLinesInMethodRuleTests.swift */; };
		A38713A61BEBD5A200880448 /* NumberOfMethodsInClassRuleTests.swift in Sources */ = {isa = PBXBuildFile; fileRef = A38713641BEBD5A200880448 /* NumberOfMethodsInClassRuleTests.swift */; };
		A38713A71BEBD5A200880448 /* OutputCoordinatorTests.swift in Sources */ = {isa = PBXBuildFile; fileRef = A38713651BEBD5A200880448 /* OutputCoordinatorTests.swift */; };
		A38713A81BEBD5A200880448 /* ReporterTests.swift in Sources */ = {isa = PBXBuildFile; fileRef = A38713661BEBD5A200880448 /* ReporterTests.swift */; };
		A38713A91BEBD5A200880448 /* RulesFactoryTests.swift in Sources */ = {isa = PBXBuildFile; fileRef = A38713671BEBD5A200880448 /* RulesFactoryTests.swift */; };
		A38713AA1BEBD5A200880448 /* TemperTests.swift in Sources */ = {isa = PBXBuildFile; fileRef = A38713681BEBD5A200880448 /* TemperTests.swift */; };
		A38713AB1BEBD5A200880448 /* TestsHelper.swift in Sources */ = {isa = PBXBuildFile; fileRef = A38713691BEBD5A200880448 /* TestsHelper.swift */; };
		A38713AC1BEBD5A200880448 /* ViolationTests.swift in Sources */ = {isa = PBXBuildFile; fileRef = A387136A1BEBD5A200880448 /* ViolationTests.swift */; };
		A3CB26521B9DF6FA00802E80 /* Nimble.framework in Frameworks */ = {isa = PBXBuildFile; fileRef = A3CB26501B9DF6FA00802E80 /* Nimble.framework */; };
		A3CB26531B9DF6FA00802E80 /* Quick.framework in Frameworks */ = {isa = PBXBuildFile; fileRef = A3CB26511B9DF6FA00802E80 /* Quick.framework */; };
		A3E54CED1B9DA97300B83273 /* BoundariesKit.framework in Frameworks */ = {isa = PBXBuildFile; fileRef = A3E54CEB1B9DA96300B83273 /* BoundariesKit.framework */; };
		A3E54CEE1B9DA97300B83273 /* BoundariesKit.framework in Embed Frameworks */ = {isa = PBXBuildFile; fileRef = A3E54CEB1B9DA96300B83273 /* BoundariesKit.framework */; settings = {ATTRIBUTES = (CodeSignOnCopy, RemoveHeadersOnCopy, ); }; };
/* End PBXBuildFile section */

/* Begin PBXContainerItemProxy section */
		A36B2F061B98244F0049F590 /* PBXContainerItemProxy */ = {
			isa = PBXContainerItemProxy;
			containerPortal = A36B2EEE1B98244F0049F590 /* Project object */;
			proxyType = 1;
			remoteGlobalIDString = A36B2EF51B98244F0049F590;
			remoteInfo = Taylor;
		};
/* End PBXContainerItemProxy section */

/* Begin PBXCopyFilesBuildPhase section */
		A31402D91B9DF74200AE011B /* CopyFiles */ = {
			isa = PBXCopyFilesBuildPhase;
			buildActionMask = 2147483647;
			dstPath = "";
			dstSubfolderSpec = 10;
			files = (
				A31402DA1B9DF74A00AE011B /* Nimble.framework in CopyFiles */,
				A31402DB1B9DF74A00AE011B /* Quick.framework in CopyFiles */,
			);
			runOnlyForDeploymentPostprocessing = 0;
		};
		A359CE1B1BC6B20F00845B7F /* CopyFiles */ = {
			isa = PBXCopyFilesBuildPhase;
			buildActionMask = 2147483647;
			dstPath = "";
			dstSubfolderSpec = 7;
			files = (
				A32714351BC7DDF000F3B5C6 /* install in CopyFiles */,
			);
			runOnlyForDeploymentPostprocessing = 0;
		};
		A36B2F4A1B9828670049F590 /* Embed Frameworks */ = {
			isa = PBXCopyFilesBuildPhase;
			buildActionMask = 2147483647;
			dstPath = "";
			dstSubfolderSpec = 10;
			files = (
				A3E54CEE1B9DA97300B83273 /* BoundariesKit.framework in Embed Frameworks */,
			);
			name = "Embed Frameworks";
			runOnlyForDeploymentPostprocessing = 0;
		};
/* End PBXCopyFilesBuildPhase section */

/* Begin PBXFileReference section */
		A31BF35D1BBE81B900756EB7 /* Array+Extensions.swift */ = {isa = PBXFileReference; fileEncoding = 4; lastKnownFileType = sourcecode.swift; path = "Array+Extensions.swift"; sourceTree = "<group>"; };
		A31BF3651BBE857000756EB7 /* Timer.swift */ = {isa = PBXFileReference; fileEncoding = 4; lastKnownFileType = sourcecode.swift; path = Timer.swift; sourceTree = "<group>"; };
		A31BF3671BBE8C1100756EB7 /* Parameters.swift */ = {isa = PBXFileReference; fileEncoding = 4; lastKnownFileType = sourcecode.swift; path = Parameters.swift; sourceTree = "<group>"; };
		A31BF37F1BBED60F00756EB7 /* Version.swift */ = {isa = PBXFileReference; fileEncoding = 4; lastKnownFileType = sourcecode.swift; path = Version.swift; sourceTree = "<group>"; };
		A33033911B982605000E683F /* main.swift */ = {isa = PBXFileReference; fileEncoding = 4; lastKnownFileType = sourcecode.swift; path = main.swift; sourceTree = "<group>"; };
		A359CE201BC6C1D900845B7F /* install */ = {isa = PBXFileReference; fileEncoding = 4; lastKnownFileType = text.script.sh; path = install; sourceTree = "<group>"; };
		A36B2EF61B98244F0049F590 /* Taylor.app */ = {isa = PBXFileReference; explicitFileType = wrapper.application; includeInIndex = 0; path = Taylor.app; sourceTree = BUILT_PRODUCTS_DIR; };
		A36B2F001B98244F0049F590 /* Info.plist */ = {isa = PBXFileReference; lastKnownFileType = text.plist.xml; path = Info.plist; sourceTree = "<group>"; };
		A36B2F051B98244F0049F590 /* TaylorTests.xctest */ = {isa = PBXFileReference; explicitFileType = wrapper.cfbundle; includeInIndex = 0; path = TaylorTests.xctest; sourceTree = BUILT_PRODUCTS_DIR; };
		A36B2F091B98244F0049F590 /* TaylorTests.swift */ = {isa = PBXFileReference; lastKnownFileType = sourcecode.swift; path = TaylorTests.swift; sourceTree = "<group>"; };
		A36B2F0B1B98244F0049F590 /* Info.plist */ = {isa = PBXFileReference; lastKnownFileType = text.plist.xml; path = Info.plist; sourceTree = "<group>"; };
		A37E1BB51BA98C0D00C56372 /* Printer.framework */ = {isa = PBXFileReference; lastKnownFileType = wrapper.framework; path = Printer.framework; sourceTree = "<group>"; };
		A38712901BEBD55E00880448 /* Component.swift */ = {isa = PBXFileReference; fileEncoding = 4; lastKnownFileType = sourcecode.swift; path = Component.swift; sourceTree = "<group>"; };
		A38712911BEBD55E00880448 /* ComponentRange.swift */ = {isa = PBXFileReference; fileEncoding = 4; lastKnownFileType = sourcecode.swift; path = ComponentRange.swift; sourceTree = "<group>"; };
		A38712921BEBD55E00880448 /* FileContent.swift */ = {isa = PBXFileReference; fileEncoding = 4; lastKnownFileType = sourcecode.swift; path = FileContent.swift; sourceTree = "<group>"; };
		A38712931BEBD55E00880448 /* Utilities.swift */ = {isa = PBXFileReference; fileEncoding = 4; lastKnownFileType = sourcecode.swift; path = Utilities.swift; sourceTree = "<group>"; };
		A38712961BEBD55E00880448 /* Exceptions.swift */ = {isa = PBXFileReference; fileEncoding = 4; lastKnownFileType = sourcecode.swift; path = Exceptions.swift; sourceTree = "<group>"; };
		A38712981BEBD55E00880448 /* ExcludesFileReader.swift */ = {isa = PBXFileReference; fileEncoding = 4; lastKnownFileType = sourcecode.swift; path = ExcludesFileReader.swift; sourceTree = "<group>"; };
		A38712991BEBD55E00880448 /* Extensions.swift */ = {isa = PBXFileReference; fileEncoding = 4; lastKnownFileType = sourcecode.swift; path = Extensions.swift; sourceTree = "<group>"; };
		A387129A1BEBD55E00880448 /* InformationalOptionsFactory.swift */ = {isa = PBXFileReference; fileEncoding = 4; lastKnownFileType = sourcecode.swift; path = InformationalOptionsFactory.swift; sourceTree = "<group>"; };
		A387129B1BEBD55E00880448 /* MessageProcessor.swift */ = {isa = PBXFileReference; fileEncoding = 4; lastKnownFileType = sourcecode.swift; path = MessageProcessor.swift; sourceTree = "<group>"; };
		A387129D1BEBD55E00880448 /* ExcludeOption.swift */ = {isa = PBXFileReference; fileEncoding = 4; lastKnownFileType = sourcecode.swift; path = ExcludeOption.swift; sourceTree = "<group>"; };
		A387129E1BEBD55E00880448 /* ExcludesFileOption.swift */ = {isa = PBXFileReference; fileEncoding = 4; lastKnownFileType = sourcecode.swift; path = ExcludesFileOption.swift; sourceTree = "<group>"; };
		A387129F1BEBD55E00880448 /* ExecutableOption.swift */ = {isa = PBXFileReference; fileEncoding = 4; lastKnownFileType = sourcecode.swift; path = ExecutableOption.swift; sourceTree = "<group>"; };
		A38712A01BEBD55E00880448 /* FileOption.swift */ = {isa = PBXFileReference; fileEncoding = 4; lastKnownFileType = sourcecode.swift; path = FileOption.swift; sourceTree = "<group>"; };
		A38712A11BEBD55E00880448 /* InformationalOption.swift */ = {isa = PBXFileReference; fileEncoding = 4; lastKnownFileType = sourcecode.swift; path = InformationalOption.swift; sourceTree = "<group>"; };
		A38712A21BEBD55E00880448 /* Option.swift */ = {isa = PBXFileReference; fileEncoding = 4; lastKnownFileType = sourcecode.swift; path = Option.swift; sourceTree = "<group>"; };
		A38712A31BEBD55E00880448 /* PathOption.swift */ = {isa = PBXFileReference; fileEncoding = 4; lastKnownFileType = sourcecode.swift; path = PathOption.swift; sourceTree = "<group>"; };
		A38712A41BEBD55E00880448 /* ReporterOption.swift */ = {isa = PBXFileReference; fileEncoding = 4; lastKnownFileType = sourcecode.swift; path = ReporterOption.swift; sourceTree = "<group>"; };
		A38712A51BEBD55E00880448 /* RuleCustomizationOption.swift */ = {isa = PBXFileReference; fileEncoding = 4; lastKnownFileType = sourcecode.swift; path = RuleCustomizationOption.swift; sourceTree = "<group>"; };
		A38712A61BEBD55E00880448 /* TypeOption.swift */ = {isa = PBXFileReference; fileEncoding = 4; lastKnownFileType = sourcecode.swift; path = TypeOption.swift; sourceTree = "<group>"; };
		A38712A71BEBD55E00880448 /* VerbosityOption.swift */ = {isa = PBXFileReference; fileEncoding = 4; lastKnownFileType = sourcecode.swift; path = VerbosityOption.swift; sourceTree = "<group>"; };
		A38712A81BEBD55E00880448 /* OptionsProcessor.swift */ = {isa = PBXFileReference; fileEncoding = 4; lastKnownFileType = sourcecode.swift; path = OptionsProcessor.swift; sourceTree = "<group>"; };
		A38712A91BEBD55E00880448 /* OptionsValidator.swift */ = {isa = PBXFileReference; fileEncoding = 4; lastKnownFileType = sourcecode.swift; path = OptionsValidator.swift; sourceTree = "<group>"; };
		A38712AA1BEBD55E00880448 /* PathFormatter.swift */ = {isa = PBXFileReference; fileEncoding = 4; lastKnownFileType = sourcecode.swift; path = PathFormatter.swift; sourceTree = "<group>"; };
		A38712AC1BEBD55E00880448 /* Caprice.swift */ = {isa = PBXFileReference; fileEncoding = 4; lastKnownFileType = sourcecode.swift; path = Caprice.swift; sourceTree = "<group>"; };
		A38712AE1BEBD55E00880448 /* Help.txt */ = {isa = PBXFileReference; fileEncoding = 4; lastKnownFileType = text; path = Help.txt; sourceTree = "<group>"; };
		A38712B01BEBD55E00880448 /* Constants.swift */ = {isa = PBXFileReference; fileEncoding = 4; lastKnownFileType = sourcecode.swift; path = Constants.swift; sourceTree = "<group>"; };
		A38712B11BEBD55E00880448 /* ErrorPrinter.swift */ = {isa = PBXFileReference; fileEncoding = 4; lastKnownFileType = sourcecode.swift; path = ErrorPrinter.swift; sourceTree = "<group>"; };
		A38712B21BEBD55E00880448 /* Excludes.swift */ = {isa = PBXFileReference; fileEncoding = 4; lastKnownFileType = sourcecode.swift; path = Excludes.swift; sourceTree = "<group>"; };
		A38712B31BEBD55E00880448 /* Extensions.swift */ = {isa = PBXFileReference; fileEncoding = 4; lastKnownFileType = sourcecode.swift; path = Extensions.swift; sourceTree = "<group>"; };
		A38712B41BEBD55E00880448 /* Finder.swift */ = {isa = PBXFileReference; fileEncoding = 4; lastKnownFileType = sourcecode.swift; path = Finder.swift; sourceTree = "<group>"; };
		A38712B51BEBD55E00880448 /* Parameters.swift */ = {isa = PBXFileReference; fileEncoding = 4; lastKnownFileType = sourcecode.swift; path = Parameters.swift; sourceTree = "<group>"; };
		A38712B71BEBD55E00880448 /* Printer.swift */ = {isa = PBXFileReference; fileEncoding = 4; lastKnownFileType = sourcecode.swift; path = Printer.swift; sourceTree = "<group>"; };
		A38712BB1BEBD55E00880448 /* pacman.py */ = {isa = PBXFileReference; fileEncoding = 4; lastKnownFileType = text.script.python; path = pacman.py; sourceTree = "<group>"; };
		A38712BC1BEBD55E00880448 /* PacMan.swift */ = {isa = PBXFileReference; fileEncoding = 4; lastKnownFileType = sourcecode.swift; path = PacMan.swift; sourceTree = "<group>"; };
		A38712BD1BEBD55E00880448 /* prototype_map.dat */ = {isa = PBXFileReference; fileEncoding = 4; lastKnownFileType = text; path = prototype_map.dat; sourceTree = "<group>"; };
		A38712BE1BEBD55E00880448 /* ExtendedComponent.swift */ = {isa = PBXFileReference; fileEncoding = 4; lastKnownFileType = sourcecode.swift; path = ExtendedComponent.swift; sourceTree = "<group>"; };
		A38712BF1BEBD55E00880448 /* Extensions.swift */ = {isa = PBXFileReference; fileEncoding = 4; lastKnownFileType = sourcecode.swift; path = Extensions.swift; sourceTree = "<group>"; };
		A38712C11BEBD55E00880448 /* PySwiftyRegex.swift */ = {isa = PBXFileReference; fileEncoding = 4; lastKnownFileType = sourcecode.swift; path = PySwiftyRegex.swift; sourceTree = "<group>"; };
		A38712C21BEBD55E00880448 /* Finder.swift */ = {isa = PBXFileReference; fileEncoding = 4; lastKnownFileType = sourcecode.swift; path = Finder.swift; sourceTree = "<group>"; };
		A38712C41BEBD55E00880448 /* SourceKittenFramework.framework */ = {isa = PBXFileReference; lastKnownFileType = wrapper.framework; path = SourceKittenFramework.framework; sourceTree = "<group>"; };
		A38712C51BEBD55E00880448 /* SwiftXPC.framework */ = {isa = PBXFileReference; lastKnownFileType = wrapper.framework; path = SwiftXPC.framework; sourceTree = "<group>"; };
		A38712C61BEBD55E00880448 /* SWXMLHash.framework */ = {isa = PBXFileReference; lastKnownFileType = wrapper.framework; path = SWXMLHash.framework; sourceTree = "<group>"; };
		A38712C71BEBD55E00880448 /* Scissors.swift */ = {isa = PBXFileReference; fileEncoding = 4; lastKnownFileType = sourcecode.swift; path = Scissors.swift; sourceTree = "<group>"; };
		A38712C81BEBD55E00880448 /* Tree.swift */ = {isa = PBXFileReference; fileEncoding = 4; lastKnownFileType = sourcecode.swift; path = Tree.swift; sourceTree = "<group>"; };
		A38712CB1BEBD55E00880448 /* Component.swift */ = {isa = PBXFileReference; fileEncoding = 4; lastKnownFileType = sourcecode.swift; path = Component.swift; sourceTree = "<group>"; };
		A38712CD1BEBD55E00880448 /* Temper.swift */ = {isa = PBXFileReference; fileEncoding = 4; lastKnownFileType = sourcecode.swift; path = Temper.swift; sourceTree = "<group>"; };
		A38712CF1BEBD55E00880448 /* JSONCoordinator.swift */ = {isa = PBXFileReference; fileEncoding = 4; lastKnownFileType = sourcecode.swift; path = JSONCoordinator.swift; sourceTree = "<group>"; };
		A38712D01BEBD55E00880448 /* OutputCoordinator.swift */ = {isa = PBXFileReference; fileEncoding = 4; lastKnownFileType = sourcecode.swift; path = OutputCoordinator.swift; sourceTree = "<group>"; };
		A38712D11BEBD55E00880448 /* PLAINCoordinator.swift */ = {isa = PBXFileReference; fileEncoding = 4; lastKnownFileType = sourcecode.swift; path = PLAINCoordinator.swift; sourceTree = "<group>"; };
		A38712D21BEBD55E00880448 /* PMDCoordinator.swift */ = {isa = PBXFileReference; fileEncoding = 4; lastKnownFileType = sourcecode.swift; path = PMDCoordinator.swift; sourceTree = "<group>"; };
		A38712D31BEBD55E00880448 /* XcodeCoordinator.swift */ = {isa = PBXFileReference; fileEncoding = 4; lastKnownFileType = sourcecode.swift; path = XcodeCoordinator.swift; sourceTree = "<group>"; };
		A38712D51BEBD55E00880448 /* Reporter.swift */ = {isa = PBXFileReference; fileEncoding = 4; lastKnownFileType = sourcecode.swift; path = Reporter.swift; sourceTree = "<group>"; };
		A38712D71BEBD55E00880448 /* CyclomaticComplexityRule.swift */ = {isa = PBXFileReference; fileEncoding = 4; lastKnownFileType = sourcecode.swift; path = CyclomaticComplexityRule.swift; sourceTree = "<group>"; };
		A38712D81BEBD55E00880448 /* ExcessiveParameterListRule.swift */ = {isa = PBXFileReference; fileEncoding = 4; lastKnownFileType = sourcecode.swift; path = ExcessiveParameterListRule.swift; sourceTree = "<group>"; };
		A38712D91BEBD55E00880448 /* NestedBlockDepthRule.swift */ = {isa = PBXFileReference; fileEncoding = 4; lastKnownFileType = sourcecode.swift; path = NestedBlockDepthRule.swift; sourceTree = "<group>"; };
		A38712DA1BEBD55E00880448 /* NPathComplexityRule.swift */ = {isa = PBXFileReference; fileEncoding = 4; lastKnownFileType = sourcecode.swift; path = NPathComplexityRule.swift; sourceTree = "<group>"; };
		A38712DB1BEBD55E00880448 /* NumberOfLinesInClassRule.swift */ = {isa = PBXFileReference; fileEncoding = 4; lastKnownFileType = sourcecode.swift; path = NumberOfLinesInClassRule.swift; sourceTree = "<group>"; };
		A38712DC1BEBD55E00880448 /* NumberOfLinesInMethodRule.swift */ = {isa = PBXFileReference; fileEncoding = 4; lastKnownFileType = sourcecode.swift; path = NumberOfLinesInMethodRule.swift; sourceTree = "<group>"; };
		A38712DD1BEBD55E00880448 /* NumberOfMethodsInClassRule.swift */ = {isa = PBXFileReference; fileEncoding = 4; lastKnownFileType = sourcecode.swift; path = NumberOfMethodsInClassRule.swift; sourceTree = "<group>"; };
		A38712DE1BEBD55E00880448 /* Rule.swift */ = {isa = PBXFileReference; fileEncoding = 4; lastKnownFileType = sourcecode.swift; path = Rule.swift; sourceTree = "<group>"; };
		A38712DF1BEBD55E00880448 /* RulesFactory.swift */ = {isa = PBXFileReference; fileEncoding = 4; lastKnownFileType = sourcecode.swift; path = RulesFactory.swift; sourceTree = "<group>"; };
		A38712E11BEBD55E00880448 /* Violation.swift */ = {isa = PBXFileReference; fileEncoding = 4; lastKnownFileType = sourcecode.swift; path = Violation.swift; sourceTree = "<group>"; };
		A387131E1BEBD5A200880448 /* ComponentRangeTests.swift */ = {isa = PBXFileReference; fileEncoding = 4; lastKnownFileType = sourcecode.swift; path = ComponentRangeTests.swift; sourceTree = "<group>"; };
		A387131F1BEBD5A200880448 /* ComponentTests.swift */ = {isa = PBXFileReference; fileEncoding = 4; lastKnownFileType = sourcecode.swift; path = ComponentTests.swift; sourceTree = "<group>"; };
		A38713201BEBD5A200880448 /* FileContentTests.swift */ = {isa = PBXFileReference; fileEncoding = 4; lastKnownFileType = sourcecode.swift; path = FileContentTests.swift; sourceTree = "<group>"; };
		A38713221BEBD5A200880448 /* UtilitiesTests.swift */ = {isa = PBXFileReference; fileEncoding = 4; lastKnownFileType = sourcecode.swift; path = UtilitiesTests.swift; sourceTree = "<group>"; };
		A38713251BEBD5A200880448 /* MockFileManager.swift */ = {isa = PBXFileReference; fileEncoding = 4; lastKnownFileType = sourcecode.swift; path = MockFileManager.swift; sourceTree = "<group>"; };
		A38713261BEBD5A200880448 /* MockMessageProcessor.swift */ = {isa = PBXFileReference; fileEncoding = 4; lastKnownFileType = sourcecode.swift; path = MockMessageProcessor.swift; sourceTree = "<group>"; };
		A38713271BEBD5A200880448 /* MockOptionsProcessor.swift */ = {isa = PBXFileReference; fileEncoding = 4; lastKnownFileType = sourcecode.swift; path = MockOptionsProcessor.swift; sourceTree = "<group>"; };
		A38713291BEBD5A200880448 /* emptyExcludes.yml */ = {isa = PBXFileReference; fileEncoding = 4; lastKnownFileType = text; path = emptyExcludes.yml; sourceTree = "<group>"; };
		A387132A1BEBD5A200880448 /* excludes.yml */ = {isa = PBXFileReference; fileEncoding = 4; lastKnownFileType = text; path = excludes.yml; sourceTree = "<group>"; };
		A387132C1BEBD5A200880448 /* CapriceTests.swift */ = {isa = PBXFileReference; fileEncoding = 4; lastKnownFileType = sourcecode.swift; path = CapriceTests.swift; sourceTree = "<group>"; };
		A387132D1BEBD5A200880448 /* ExcludesFileReaderTests.swift */ = {isa = PBXFileReference; fileEncoding = 4; lastKnownFileType = sourcecode.swift; path = ExcludesFileReaderTests.swift; sourceTree = "<group>"; };
		A387132E1BEBD5A200880448 /* FiltererTests.swift */ = {isa = PBXFileReference; fileEncoding = 4; lastKnownFileType = sourcecode.swift; path = FiltererTests.swift; sourceTree = "<group>"; };
		A387132F1BEBD5A200880448 /* MessageProcessorTests.swift */ = {isa = PBXFileReference; fileEncoding = 4; lastKnownFileType = sourcecode.swift; path = MessageProcessorTests.swift; sourceTree = "<group>"; };
		A38713301BEBD5A200880448 /* OptionsProcessorTests.swift */ = {isa = PBXFileReference; fileEncoding = 4; lastKnownFileType = sourcecode.swift; path = OptionsProcessorTests.swift; sourceTree = "<group>"; };
		A38713311BEBD5A200880448 /* OptionsValidatorTests.swift */ = {isa = PBXFileReference; fileEncoding = 4; lastKnownFileType = sourcecode.swift; path = OptionsValidatorTests.swift; sourceTree = "<group>"; };
		A38713321BEBD5A200880448 /* PathFormatterTests.swift */ = {isa = PBXFileReference; fileEncoding = 4; lastKnownFileType = sourcecode.swift; path = PathFormatterTests.swift; sourceTree = "<group>"; };
		A38713331BEBD5A200880448 /* VerbosityOptionTests.swift */ = {isa = PBXFileReference; fileEncoding = 4; lastKnownFileType = sourcecode.swift; path = VerbosityOptionTests.swift; sourceTree = "<group>"; };
		A38713351BEBD5A200880448 /* ExcludesTests.swift */ = {isa = PBXFileReference; fileEncoding = 4; lastKnownFileType = sourcecode.swift; path = ExcludesTests.swift; sourceTree = "<group>"; };
		A38713361BEBD5A200880448 /* FinderTests.swift */ = {isa = PBXFileReference; fileEncoding = 4; lastKnownFileType = sourcecode.swift; path = FinderTests.swift; sourceTree = "<group>"; };
		A38713371BEBD5A200880448 /* MockFileManager.swift */ = {isa = PBXFileReference; fileEncoding = 4; lastKnownFileType = sourcecode.swift; path = MockFileManager.swift; sourceTree = "<group>"; };
		A38713381BEBD5A200880448 /* ParametersTests.swift */ = {isa = PBXFileReference; fileEncoding = 4; lastKnownFileType = sourcecode.swift; path = ParametersTests.swift; sourceTree = "<group>"; };
		A387133A1BEBD5A200880448 /* PrinterTests.swift */ = {isa = PBXFileReference; fileEncoding = 4; lastKnownFileType = sourcecode.swift; path = PrinterTests.swift; sourceTree = "<group>"; };
		A387133D1BEBD5A200880448 /* ComponentsBuilder.swift */ = {isa = PBXFileReference; fileEncoding = 4; lastKnownFileType = sourcecode.swift; path = ComponentsBuilder.swift; sourceTree = "<group>"; };
		A387133F1BEBD5A200880448 /* TestFileBraceWithParameter.txt */ = {isa = PBXFileReference; fileEncoding = 4; lastKnownFileType = text; path = TestFileBraceWithParameter.txt; sourceTree = "<group>"; };
		A38713401BEBD5A200880448 /* TestFileClosures.txt */ = {isa = PBXFileReference; fileEncoding = 4; lastKnownFileType = text; path = TestFileClosures.txt; sourceTree = "<group>"; };
		A38713411BEBD5A200880448 /* TestFileComments.txt */ = {isa = PBXFileReference; fileEncoding = 4; lastKnownFileType = text; path = TestFileComments.txt; sourceTree = "<group>"; };
		A38713421BEBD5A200880448 /* TestFileComputedProperties.txt */ = {isa = PBXFileReference; fileEncoding = 4; lastKnownFileType = text; path = TestFileComputedProperties.txt; sourceTree = "<group>"; };
		A38713431BEBD5A200880448 /* TestFileDoCatchInsideIf.txt */ = {isa = PBXFileReference; fileEncoding = 4; lastKnownFileType = text; path = TestFileDoCatchInsideIf.txt; sourceTree = "<group>"; };
		A38713441BEBD5A200880448 /* TestFileElseif.txt */ = {isa = PBXFileReference; fileEncoding = 4; lastKnownFileType = text; path = TestFileElseif.txt; sourceTree = "<group>"; };
		A38713451BEBD5A200880448 /* TestFileEmpty.txt */ = {isa = PBXFileReference; fileEncoding = 4; lastKnownFileType = text; path = TestFileEmpty.txt; sourceTree = "<group>"; };
		A38713461BEBD5A200880448 /* TestFileEmptyLines.txt */ = {isa = PBXFileReference; fileEncoding = 4; lastKnownFileType = text; path = TestFileEmptyLines.txt; sourceTree = "<group>"; };
		A38713471BEBD5A200880448 /* TestFileGettersSetters.txt */ = {isa = PBXFileReference; fileEncoding = 4; lastKnownFileType = text; path = TestFileGettersSetters.txt; sourceTree = "<group>"; };
		A38713481BEBD5A200880448 /* TestFileIfElifElse.txt */ = {isa = PBXFileReference; fileEncoding = 4; lastKnownFileType = text; path = TestFileIfElifElse.txt; sourceTree = "<group>"; };
		A38713491BEBD5A200880448 /* TestFileIfElse.txt */ = {isa = PBXFileReference; fileEncoding = 4; lastKnownFileType = text; path = TestFileIfElse.txt; sourceTree = "<group>"; };
		A387134A1BEBD5A200880448 /* TestFileMoreThan1K.swift */ = {isa = PBXFileReference; fileEncoding = 4; lastKnownFileType = sourcecode.swift; path = TestFileMoreThan1K.swift; sourceTree = "<group>"; };
		A387134B1BEBD5A200880448 /* TestFileMoreThan2K.swift */ = {isa = PBXFileReference; fileEncoding = 4; lastKnownFileType = sourcecode.swift; path = TestFileMoreThan2K.swift; sourceTree = "<group>"; };
		A387134C1BEBD5A200880448 /* TestFileMoreThan3K.swift */ = {isa = PBXFileReference; fileEncoding = 4; lastKnownFileType = sourcecode.swift; path = TestFileMoreThan3K.swift; sourceTree = "<group>"; };
		A387134D1BEBD5A200880448 /* TestFileMoreThan500.swift */ = {isa = PBXFileReference; fileEncoding = 4; lastKnownFileType = sourcecode.swift; path = TestFileMoreThan500.swift; sourceTree = "<group>"; };
		A387134E1BEBD5A200880448 /* TestFileOneClass.txt */ = {isa = PBXFileReference; fileEncoding = 4; lastKnownFileType = text; path = TestFileOneClass.txt; sourceTree = "<group>"; };
		A387134F1BEBD5A200880448 /* TestFileOneClassOneFunc.txt */ = {isa = PBXFileReference; fileEncoding = 4; lastKnownFileType = text; path = TestFileOneClassOneFunc.txt; sourceTree = "<group>"; };
		A38713501BEBD5A200880448 /* TestFileOneStructOneEnum.txt */ = {isa = PBXFileReference; fileEncoding = 4; lastKnownFileType = text; path = TestFileOneStructOneEnum.txt; sourceTree = "<group>"; };
		A38713511BEBD5A200880448 /* TestFileRandom.txt */ = {isa = PBXFileReference; fileEncoding = 4; lastKnownFileType = text; path = TestFileRandom.txt; sourceTree = "<group>"; };
		A38713521BEBD5A200880448 /* TestFileRepeatWhile.txt */ = {isa = PBXFileReference; fileEncoding = 4; lastKnownFileType = text; path = TestFileRepeatWhile.txt; sourceTree = "<group>"; };
		A38713531BEBD5A200880448 /* TestFileStrings.txt */ = {isa = PBXFileReference; fileEncoding = 4; lastKnownFileType = text; path = TestFileStrings.txt; sourceTree = "<group>"; };
		A38713541BEBD5A200880448 /* TestFileTernary.txt */ = {isa = PBXFileReference; fileEncoding = 4; lastKnownFileType = text; path = TestFileTernary.txt; sourceTree = "<group>"; };
		A38713551BEBD5A200880448 /* TestFileTernaryNilc.txt */ = {isa = PBXFileReference; fileEncoding = 4; lastKnownFileType = text; path = TestFileTernaryNilc.txt; sourceTree = "<group>"; };
		A38713571BEBD5A200880448 /* PacManTests.swift */ = {isa = PBXFileReference; fileEncoding = 4; lastKnownFileType = sourcecode.swift; path = PacManTests.swift; sourceTree = "<group>"; };
		A38713581BEBD5A200880448 /* TokenizerTests.swift */ = {isa = PBXFileReference; fileEncoding = 4; lastKnownFileType = sourcecode.swift; path = TokenizerTests.swift; sourceTree = "<group>"; };
		A387135A1BEBD5A200880448 /* ComponentExtensionsTests.swift */ = {isa = PBXFileReference; fileEncoding = 4; lastKnownFileType = sourcecode.swift; path = ComponentExtensionsTests.swift; sourceTree = "<group>"; };
		A387135B1BEBD5A200880448 /* ComponentRangeExtensionsTests.swift */ = {isa = PBXFileReference; fileEncoding = 4; lastKnownFileType = sourcecode.swift; path = ComponentRangeExtensionsTests.swift; sourceTree = "<group>"; };
		A387135C1BEBD5A200880448 /* CyclomaticComplexityTests.swift */ = {isa = PBXFileReference; fileEncoding = 4; lastKnownFileType = sourcecode.swift; path = CyclomaticComplexityTests.swift; sourceTree = "<group>"; };
		A387135D1BEBD5A200880448 /* DictionaryTests.swift */ = {isa = PBXFileReference; fileEncoding = 4; lastKnownFileType = sourcecode.swift; path = DictionaryTests.swift; sourceTree = "<group>"; };
		A387135E1BEBD5A200880448 /* ExcessiveParameterListRuleTests.swift */ = {isa = PBXFileReference; fileEncoding = 4; lastKnownFileType = sourcecode.swift; path = ExcessiveParameterListRuleTests.swift; sourceTree = "<group>"; };
		A387135F1BEBD5A200880448 /* NestedBlockDepthRuleTests.swift */ = {isa = PBXFileReference; fileEncoding = 4; lastKnownFileType = sourcecode.swift; path = NestedBlockDepthRuleTests.swift; sourceTree = "<group>"; };
		A38713601BEBD5A200880448 /* NPathComplexityRuleTests.swift */ = {isa = PBXFileReference; fileEncoding = 4; lastKnownFileType = sourcecode.swift; path = NPathComplexityRuleTests.swift; sourceTree = "<group>"; };
		A38713611BEBD5A200880448 /* NSFileManagerTests.swift */ = {isa = PBXFileReference; fileEncoding = 4; lastKnownFileType = sourcecode.swift; path = NSFileManagerTests.swift; sourceTree = "<group>"; };
		A38713621BEBD5A200880448 /* NumberOfLinesInClassRuleTests.swift */ = {isa = PBXFileReference; fileEncoding = 4; lastKnownFileType = sourcecode.swift; path = NumberOfLinesInClassRuleTests.swift; sourceTree = "<group>"; };
		A38713631BEBD5A200880448 /* NumberOfLinesInMethodRuleTests.swift */ = {isa = PBXFileReference; fileEncoding = 4; lastKnownFileType = sourcecode.swift; path = NumberOfLinesInMethodRuleTests.swift; sourceTree = "<group>"; };
		A38713641BEBD5A200880448 /* NumberOfMethodsInClassRuleTests.swift */ = {isa = PBXFileReference; fileEncoding = 4; lastKnownFileType = sourcecode.swift; path = NumberOfMethodsInClassRuleTests.swift; sourceTree = "<group>"; };
		A38713651BEBD5A200880448 /* OutputCoordinatorTests.swift */ = {isa = PBXFileReference; fileEncoding = 4; lastKnownFileType = sourcecode.swift; path = OutputCoordinatorTests.swift; sourceTree = "<group>"; };
		A38713661BEBD5A200880448 /* ReporterTests.swift */ = {isa = PBXFileReference; fileEncoding = 4; lastKnownFileType = sourcecode.swift; path = ReporterTests.swift; sourceTree = "<group>"; };
		A38713671BEBD5A200880448 /* RulesFactoryTests.swift */ = {isa = PBXFileReference; fileEncoding = 4; lastKnownFileType = sourcecode.swift; path = RulesFactoryTests.swift; sourceTree = "<group>"; };
		A38713681BEBD5A200880448 /* TemperTests.swift */ = {isa = PBXFileReference; fileEncoding = 4; lastKnownFileType = sourcecode.swift; path = TemperTests.swift; sourceTree = "<group>"; };
		A38713691BEBD5A200880448 /* TestsHelper.swift */ = {isa = PBXFileReference; fileEncoding = 4; lastKnownFileType = sourcecode.swift; path = TestsHelper.swift; sourceTree = "<group>"; };
		A387136A1BEBD5A200880448 /* ViolationTests.swift */ = {isa = PBXFileReference; fileEncoding = 4; lastKnownFileType = sourcecode.swift; path = ViolationTests.swift; sourceTree = "<group>"; };
		A3CB26501B9DF6FA00802E80 /* Nimble.framework */ = {isa = PBXFileReference; lastKnownFileType = wrapper.framework; path = Nimble.framework; sourceTree = "<group>"; };
		A3CB26511B9DF6FA00802E80 /* Quick.framework */ = {isa = PBXFileReference; lastKnownFileType = wrapper.framework; path = Quick.framework; sourceTree = "<group>"; };
		A3E54CEB1B9DA96300B83273 /* BoundariesKit.framework */ = {isa = PBXFileReference; lastKnownFileType = wrapper.framework; path = BoundariesKit.framework; sourceTree = "<group>"; };
/* End PBXFileReference section */

/* Begin PBXFrameworksBuildPhase section */
		A36B2EF31B98244F0049F590 /* Frameworks */ = {
			isa = PBXFrameworksBuildPhase;
			buildActionMask = 2147483647;
			files = (
				A370D4BB1BAC137B00C5DE95 /* Printer.framework in Frameworks */,
				A38713061BEBD55E00880448 /* SourceKittenFramework.framework in Frameworks */,
				A38713071BEBD55E00880448 /* SwiftXPC.framework in Frameworks */,
				A3E54CED1B9DA97300B83273 /* BoundariesKit.framework in Frameworks */,
				A38713081BEBD55E00880448 /* SWXMLHash.framework in Frameworks */,
			);
			runOnlyForDeploymentPostprocessing = 0;
		};
		A36B2F021B98244F0049F590 /* Frameworks */ = {
			isa = PBXFrameworksBuildPhase;
			buildActionMask = 2147483647;
			files = (
				A3CB26531B9DF6FA00802E80 /* Quick.framework in Frameworks */,
				A3CB26521B9DF6FA00802E80 /* Nimble.framework in Frameworks */,
			);
			runOnlyForDeploymentPostprocessing = 0;
		};
/* End PBXFrameworksBuildPhase section */

/* Begin PBXGroup section */
		A359CE111BC6B1CA00845B7F /* Resources */ = {
			isa = PBXGroup;
			children = (
				A359CE121BC6B1CA00845B7F /* scripts */,
			);
			path = Resources;
			sourceTree = "<group>";
		};
		A359CE121BC6B1CA00845B7F /* scripts */ = {
			isa = PBXGroup;
			children = (
				A359CE201BC6C1D900845B7F /* install */,
			);
			path = scripts;
			sourceTree = "<group>";
		};
		A36B2EED1B98244F0049F590 = {
			isa = PBXGroup;
			children = (
				A387128E1BEBD55E00880448 /* Modules */,
				A36B2EF81B98244F0049F590 /* Taylor */,
				A359CE111BC6B1CA00845B7F /* Resources */,
				A36B2F081B98244F0049F590 /* TaylorTests */,
				A3E54CEA1B9DA96300B83273 /* Common */,
				A3CB264F1B9DF6FA00802E80 /* CommonTestsSources */,
				A36B2EF71B98244F0049F590 /* Products */,
			);
			sourceTree = "<group>";
		};
		A36B2EF71B98244F0049F590 /* Products */ = {
			isa = PBXGroup;
			children = (
				A36B2EF61B98244F0049F590 /* Taylor.app */,
				A36B2F051B98244F0049F590 /* TaylorTests.xctest */,
			);
			name = Products;
			sourceTree = "<group>";
		};
		A36B2EF81B98244F0049F590 /* Taylor */ = {
			isa = PBXGroup;
			children = (
				A33033911B982605000E683F /* main.swift */,
				A31BF37F1BBED60F00756EB7 /* Version.swift */,
				A31BF3671BBE8C1100756EB7 /* Parameters.swift */,
				A31BF3651BBE857000756EB7 /* Timer.swift */,
				A31BF35D1BBE81B900756EB7 /* Array+Extensions.swift */,
				A36B2F001B98244F0049F590 /* Info.plist */,
			);
			path = Taylor;
			sourceTree = "<group>";
		};
		A36B2F081B98244F0049F590 /* TaylorTests */ = {
			isa = PBXGroup;
			children = (
				A387131D1BEBD5A200880448 /* BoundariesKitTests */,
				A38713231BEBD5A200880448 /* CapriceTests */,
				A38713341BEBD5A200880448 /* FinderTests */,
				A38713391BEBD5A200880448 /* PrinterTests */,
				A387133B1BEBD5A200880448 /* ScissorsTests */,
				A38713591BEBD5A200880448 /* TemperTests */,
				A36B2F091B98244F0049F590 /* TaylorTests.swift */,
				A36B2F0B1B98244F0049F590 /* Info.plist */,
			);
			path = TaylorTests;
			sourceTree = "<group>";
		};
		A387128E1BEBD55E00880448 /* Modules */ = {
			isa = PBXGroup;
			children = (
				A387128F1BEBD55E00880448 /* BoundariesKit */,
				A38712941BEBD55E00880448 /* caprices */,
				A38712AF1BEBD55E00880448 /* finder */,
				A38712B61BEBD55E00880448 /* Printer */,
				A38712B81BEBD55E00880448 /* scissors */,
				A38712C91BEBD55E00880448 /* temper */,
			);
			path = Modules;
			sourceTree = "<group>";
		};
		A387128F1BEBD55E00880448 /* BoundariesKit */ = {
			isa = PBXGroup;
			children = (
				A38712901BEBD55E00880448 /* Component.swift */,
				A38712911BEBD55E00880448 /* ComponentRange.swift */,
				A38712921BEBD55E00880448 /* FileContent.swift */,
				A38712931BEBD55E00880448 /* Utilities.swift */,
			);
			path = BoundariesKit;
			sourceTree = "<group>";
		};
		A38712941BEBD55E00880448 /* caprices */ = {
			isa = PBXGroup;
			children = (
				A38712951BEBD55E00880448 /* Exceptions */,
				A38712971BEBD55E00880448 /* Proccessing Message */,
				A38712AB1BEBD55E00880448 /* Public Interface */,
				A38712AD1BEBD55E00880448 /* Resources */,
			);
			path = caprices;
			sourceTree = "<group>";
		};
		A38712951BEBD55E00880448 /* Exceptions */ = {
			isa = PBXGroup;
			children = (
				A38712961BEBD55E00880448 /* Exceptions.swift */,
			);
			path = Exceptions;
			sourceTree = "<group>";
		};
		A38712971BEBD55E00880448 /* Proccessing Message */ = {
			isa = PBXGroup;
			children = (
				A38712981BEBD55E00880448 /* ExcludesFileReader.swift */,
				A38712991BEBD55E00880448 /* Extensions.swift */,
				A387129A1BEBD55E00880448 /* InformationalOptionsFactory.swift */,
				A387129B1BEBD55E00880448 /* MessageProcessor.swift */,
				A387129C1BEBD55E00880448 /* Options */,
				A38712A81BEBD55E00880448 /* OptionsProcessor.swift */,
				A38712A91BEBD55E00880448 /* OptionsValidator.swift */,
				A38712AA1BEBD55E00880448 /* PathFormatter.swift */,
			);
			path = "Proccessing Message";
			sourceTree = "<group>";
		};
		A387129C1BEBD55E00880448 /* Options */ = {
			isa = PBXGroup;
			children = (
				A387129D1BEBD55E00880448 /* ExcludeOption.swift */,
				A387129E1BEBD55E00880448 /* ExcludesFileOption.swift */,
				A387129F1BEBD55E00880448 /* ExecutableOption.swift */,
				A38712A01BEBD55E00880448 /* FileOption.swift */,
				A38712A11BEBD55E00880448 /* InformationalOption.swift */,
				A38712A21BEBD55E00880448 /* Option.swift */,
				A38712A31BEBD55E00880448 /* PathOption.swift */,
				A38712A41BEBD55E00880448 /* ReporterOption.swift */,
				A38712A51BEBD55E00880448 /* RuleCustomizationOption.swift */,
				A38712A61BEBD55E00880448 /* TypeOption.swift */,
				A38712A71BEBD55E00880448 /* VerbosityOption.swift */,
			);
			path = Options;
			sourceTree = "<group>";
		};
		A38712AB1BEBD55E00880448 /* Public Interface */ = {
			isa = PBXGroup;
			children = (
				A38712AC1BEBD55E00880448 /* Caprice.swift */,
			);
			path = "Public Interface";
			sourceTree = "<group>";
		};
		A38712AD1BEBD55E00880448 /* Resources */ = {
			isa = PBXGroup;
			children = (
				A38712AE1BEBD55E00880448 /* Help.txt */,
			);
			path = Resources;
			sourceTree = "<group>";
		};
		A38712AF1BEBD55E00880448 /* finder */ = {
			isa = PBXGroup;
			children = (
				A38712B01BEBD55E00880448 /* Constants.swift */,
				A38712B11BEBD55E00880448 /* ErrorPrinter.swift */,
				A38712B21BEBD55E00880448 /* Excludes.swift */,
				A38712B31BEBD55E00880448 /* Extensions.swift */,
				A38712B41BEBD55E00880448 /* Finder.swift */,
				A38712B51BEBD55E00880448 /* Parameters.swift */,
			);
			path = finder;
			sourceTree = "<group>";
		};
		A38712B61BEBD55E00880448 /* Printer */ = {
			isa = PBXGroup;
			children = (
				A38712B71BEBD55E00880448 /* Printer.swift */,
			);
			path = Printer;
			sourceTree = "<group>";
		};
		A38712B81BEBD55E00880448 /* scissors */ = {
			isa = PBXGroup;
			children = (
				A38712B91BEBD55E00880448 /* EasterEggs */,
				A38712BE1BEBD55E00880448 /* ExtendedComponent.swift */,
				A38712BF1BEBD55E00880448 /* Extensions.swift */,
				A38712C01BEBD55E00880448 /* ExternalLibraries */,
				A38712C21BEBD55E00880448 /* Finder.swift */,
				A38712C31BEBD55E00880448 /* Frameworks */,
				A38712C71BEBD55E00880448 /* Scissors.swift */,
				A38712C81BEBD55E00880448 /* Tree.swift */,
			);
			path = scissors;
			sourceTree = "<group>";
		};
		A38712B91BEBD55E00880448 /* EasterEggs */ = {
			isa = PBXGroup;
			children = (
				A38712BA1BEBD55E00880448 /* PacMan */,
			);
			path = EasterEggs;
			sourceTree = "<group>";
		};
		A38712BA1BEBD55E00880448 /* PacMan */ = {
			isa = PBXGroup;
			children = (
				A38712BB1BEBD55E00880448 /* pacman.py */,
				A38712BC1BEBD55E00880448 /* PacMan.swift */,
				A38712BD1BEBD55E00880448 /* prototype_map.dat */,
			);
			path = PacMan;
			sourceTree = "<group>";
		};
		A38712C01BEBD55E00880448 /* ExternalLibraries */ = {
			isa = PBXGroup;
			children = (
				A38712C11BEBD55E00880448 /* PySwiftyRegex.swift */,
			);
			path = ExternalLibraries;
			sourceTree = "<group>";
		};
		A38712C31BEBD55E00880448 /* Frameworks */ = {
			isa = PBXGroup;
			children = (
				A38712C41BEBD55E00880448 /* SourceKittenFramework.framework */,
				A38712C51BEBD55E00880448 /* SwiftXPC.framework */,
				A38712C61BEBD55E00880448 /* SWXMLHash.framework */,
			);
			path = Frameworks;
			sourceTree = "<group>";
		};
		A38712C91BEBD55E00880448 /* temper */ = {
			isa = PBXGroup;
			children = (
				A38712CA1BEBD55E00880448 /* Components */,
				A38712CC1BEBD55E00880448 /* Core */,
				A38712CE1BEBD55E00880448 /* Output */,
				A38712D41BEBD55E00880448 /* Reporters */,
				A38712D61BEBD55E00880448 /* Rules */,
				A38712E01BEBD55E00880448 /* Violations */,
			);
			path = temper;
			sourceTree = "<group>";
		};
		A38712CA1BEBD55E00880448 /* Components */ = {
			isa = PBXGroup;
			children = (
				A38712CB1BEBD55E00880448 /* Component.swift */,
			);
			path = Components;
			sourceTree = "<group>";
		};
		A38712CC1BEBD55E00880448 /* Core */ = {
			isa = PBXGroup;
			children = (
				A38712CD1BEBD55E00880448 /* Temper.swift */,
			);
			path = Core;
			sourceTree = "<group>";
		};
		A38712CE1BEBD55E00880448 /* Output */ = {
			isa = PBXGroup;
			children = (
				A38712CF1BEBD55E00880448 /* JSONCoordinator.swift */,
				A38712D01BEBD55E00880448 /* OutputCoordinator.swift */,
				A38712D11BEBD55E00880448 /* PLAINCoordinator.swift */,
				A38712D21BEBD55E00880448 /* PMDCoordinator.swift */,
				A38712D31BEBD55E00880448 /* XcodeCoordinator.swift */,
			);
			path = Output;
			sourceTree = "<group>";
		};
		A38712D41BEBD55E00880448 /* Reporters */ = {
			isa = PBXGroup;
			children = (
				A38712D51BEBD55E00880448 /* Reporter.swift */,
			);
			path = Reporters;
			sourceTree = "<group>";
		};
		A38712D61BEBD55E00880448 /* Rules */ = {
			isa = PBXGroup;
			children = (
				A38712D71BEBD55E00880448 /* CyclomaticComplexityRule.swift */,
				A38712D81BEBD55E00880448 /* ExcessiveParameterListRule.swift */,
				A38712D91BEBD55E00880448 /* NestedBlockDepthRule.swift */,
				A38712DA1BEBD55E00880448 /* NPathComplexityRule.swift */,
				A38712DB1BEBD55E00880448 /* NumberOfLinesInClassRule.swift */,
				A38712DC1BEBD55E00880448 /* NumberOfLinesInMethodRule.swift */,
				A38712DD1BEBD55E00880448 /* NumberOfMethodsInClassRule.swift */,
				A38712DE1BEBD55E00880448 /* Rule.swift */,
				A38712DF1BEBD55E00880448 /* RulesFactory.swift */,
			);
			path = Rules;
			sourceTree = "<group>";
		};
		A38712E01BEBD55E00880448 /* Violations */ = {
			isa = PBXGroup;
			children = (
				A38712E11BEBD55E00880448 /* Violation.swift */,
			);
			path = Violations;
			sourceTree = "<group>";
		};
		A387131D1BEBD5A200880448 /* BoundariesKitTests */ = {
			isa = PBXGroup;
			children = (
				A387131E1BEBD5A200880448 /* ComponentRangeTests.swift */,
				A387131F1BEBD5A200880448 /* ComponentTests.swift */,
				A38713201BEBD5A200880448 /* FileContentTests.swift */,
				A38713221BEBD5A200880448 /* UtilitiesTests.swift */,
			);
			path = BoundariesKitTests;
			sourceTree = "<group>";
		};
		A38713231BEBD5A200880448 /* CapriceTests */ = {
			isa = PBXGroup;
			children = (
				A38713241BEBD5A200880448 /* Mocks */,
				A38713281BEBD5A200880448 /* Resources */,
				A387132B1BEBD5A200880448 /* Tests */,
			);
			path = CapriceTests;
			sourceTree = "<group>";
		};
		A38713241BEBD5A200880448 /* Mocks */ = {
			isa = PBXGroup;
			children = (
				A38713251BEBD5A200880448 /* MockFileManager.swift */,
				A38713261BEBD5A200880448 /* MockMessageProcessor.swift */,
				A38713271BEBD5A200880448 /* MockOptionsProcessor.swift */,
			);
			path = Mocks;
			sourceTree = "<group>";
		};
		A38713281BEBD5A200880448 /* Resources */ = {
			isa = PBXGroup;
			children = (
				A38713291BEBD5A200880448 /* emptyExcludes.yml */,
				A387132A1BEBD5A200880448 /* excludes.yml */,
			);
			path = Resources;
			sourceTree = "<group>";
		};
		A387132B1BEBD5A200880448 /* Tests */ = {
			isa = PBXGroup;
			children = (
				A387132C1BEBD5A200880448 /* CapriceTests.swift */,
				A387132D1BEBD5A200880448 /* ExcludesFileReaderTests.swift */,
				A387132E1BEBD5A200880448 /* FiltererTests.swift */,
				A387132F1BEBD5A200880448 /* MessageProcessorTests.swift */,
				A38713301BEBD5A200880448 /* OptionsProcessorTests.swift */,
				A38713311BEBD5A200880448 /* OptionsValidatorTests.swift */,
				A38713321BEBD5A200880448 /* PathFormatterTests.swift */,
				A38713331BEBD5A200880448 /* VerbosityOptionTests.swift */,
			);
			path = Tests;
			sourceTree = "<group>";
		};
		A38713341BEBD5A200880448 /* FinderTests */ = {
			isa = PBXGroup;
			children = (
				A38713351BEBD5A200880448 /* ExcludesTests.swift */,
				A38713361BEBD5A200880448 /* FinderTests.swift */,
				A38713371BEBD5A200880448 /* MockFileManager.swift */,
				A38713381BEBD5A200880448 /* ParametersTests.swift */,
			);
			path = FinderTests;
			sourceTree = "<group>";
		};
		A38713391BEBD5A200880448 /* PrinterTests */ = {
			isa = PBXGroup;
			children = (
				A387133A1BEBD5A200880448 /* PrinterTests.swift */,
			);
			path = PrinterTests;
			sourceTree = "<group>";
		};
		A387133B1BEBD5A200880448 /* ScissorsTests */ = {
			isa = PBXGroup;
			children = (
				A387133C1BEBD5A200880448 /* Resources */,
				A387133E1BEBD5A200880448 /* TestFiles */,
				A38713561BEBD5A200880448 /* Tests */,
			);
			path = ScissorsTests;
			sourceTree = "<group>";
		};
		A387133C1BEBD5A200880448 /* Resources */ = {
			isa = PBXGroup;
			children = (
				A387133D1BEBD5A200880448 /* ComponentsBuilder.swift */,
			);
			path = Resources;
			sourceTree = "<group>";
		};
		A387133E1BEBD5A200880448 /* TestFiles */ = {
			isa = PBXGroup;
			children = (
				A387133F1BEBD5A200880448 /* TestFileBraceWithParameter.txt */,
				A38713401BEBD5A200880448 /* TestFileClosures.txt */,
				A38713411BEBD5A200880448 /* TestFileComments.txt */,
				A38713421BEBD5A200880448 /* TestFileComputedProperties.txt */,
				A38713431BEBD5A200880448 /* TestFileDoCatchInsideIf.txt */,
				A38713441BEBD5A200880448 /* TestFileElseif.txt */,
				A38713451BEBD5A200880448 /* TestFileEmpty.txt */,
				A38713461BEBD5A200880448 /* TestFileEmptyLines.txt */,
				A38713471BEBD5A200880448 /* TestFileGettersSetters.txt */,
				A38713481BEBD5A200880448 /* TestFileIfElifElse.txt */,
				A38713491BEBD5A200880448 /* TestFileIfElse.txt */,
				A387134A1BEBD5A200880448 /* TestFileMoreThan1K.swift */,
				A387134B1BEBD5A200880448 /* TestFileMoreThan2K.swift */,
				A387134C1BEBD5A200880448 /* TestFileMoreThan3K.swift */,
				A387134D1BEBD5A200880448 /* TestFileMoreThan500.swift */,
				A387134E1BEBD5A200880448 /* TestFileOneClass.txt */,
				A387134F1BEBD5A200880448 /* TestFileOneClassOneFunc.txt */,
				A38713501BEBD5A200880448 /* TestFileOneStructOneEnum.txt */,
				A38713511BEBD5A200880448 /* TestFileRandom.txt */,
				A38713521BEBD5A200880448 /* TestFileRepeatWhile.txt */,
				A38713531BEBD5A200880448 /* TestFileStrings.txt */,
				A38713541BEBD5A200880448 /* TestFileTernary.txt */,
				A38713551BEBD5A200880448 /* TestFileTernaryNilc.txt */,
			);
			path = TestFiles;
			sourceTree = "<group>";
		};
		A38713561BEBD5A200880448 /* Tests */ = {
			isa = PBXGroup;
			children = (
				A38713571BEBD5A200880448 /* PacManTests.swift */,
				A38713581BEBD5A200880448 /* TokenizerTests.swift */,
			);
			path = Tests;
			sourceTree = "<group>";
		};
		A38713591BEBD5A200880448 /* TemperTests */ = {
			isa = PBXGroup;
			children = (
				A387135A1BEBD5A200880448 /* ComponentExtensionsTests.swift */,
				A387135B1BEBD5A200880448 /* ComponentRangeExtensionsTests.swift */,
				A387135C1BEBD5A200880448 /* CyclomaticComplexityTests.swift */,
				A387135D1BEBD5A200880448 /* DictionaryTests.swift */,
				A387135E1BEBD5A200880448 /* ExcessiveParameterListRuleTests.swift */,
				A387135F1BEBD5A200880448 /* NestedBlockDepthRuleTests.swift */,
				A38713601BEBD5A200880448 /* NPathComplexityRuleTests.swift */,
				A38713611BEBD5A200880448 /* NSFileManagerTests.swift */,
				A38713621BEBD5A200880448 /* NumberOfLinesInClassRuleTests.swift */,
				A38713631BEBD5A200880448 /* NumberOfLinesInMethodRuleTests.swift */,
				A38713641BEBD5A200880448 /* NumberOfMethodsInClassRuleTests.swift */,
				A38713651BEBD5A200880448 /* OutputCoordinatorTests.swift */,
				A38713661BEBD5A200880448 /* ReporterTests.swift */,
				A38713671BEBD5A200880448 /* RulesFactoryTests.swift */,
				A38713681BEBD5A200880448 /* TemperTests.swift */,
				A38713691BEBD5A200880448 /* TestsHelper.swift */,
				A387136A1BEBD5A200880448 /* ViolationTests.swift */,
			);
			path = TemperTests;
			sourceTree = "<group>";
		};
		A3CB264F1B9DF6FA00802E80 /* CommonTestsSources */ = {
			isa = PBXGroup;
			children = (
				A3CB26501B9DF6FA00802E80 /* Nimble.framework */,
				A3CB26511B9DF6FA00802E80 /* Quick.framework */,
			);
			path = CommonTestsSources;
			sourceTree = "<group>";
		};
		A3E54CEA1B9DA96300B83273 /* Common */ = {
			isa = PBXGroup;
			children = (
				A37E1BB51BA98C0D00C56372 /* Printer.framework */,
				A3E54CEB1B9DA96300B83273 /* BoundariesKit.framework */,
			);
			path = Common;
			sourceTree = "<group>";
		};
/* End PBXGroup section */

/* Begin PBXNativeTarget section */
		A36B2EF51B98244F0049F590 /* Taylor */ = {
			isa = PBXNativeTarget;
			buildConfigurationList = A36B2F0E1B98244F0049F590 /* Build configuration list for PBXNativeTarget "Taylor" */;
			buildPhases = (
				A36B2EF21B98244F0049F590 /* Sources */,
				A36B2EF31B98244F0049F590 /* Frameworks */,
				A36B2F4A1B9828670049F590 /* Embed Frameworks */,
				A370D4AF1BABF86400C5DE95 /* App Deploy */,
				A359CE1B1BC6B20F00845B7F /* CopyFiles */,
			);
			buildRules = (
			);
			dependencies = (
			);
			name = Taylor;
			productName = Taylor;
			productReference = A36B2EF61B98244F0049F590 /* Taylor.app */;
			productType = "com.apple.product-type.application";
		};
		A36B2F041B98244F0049F590 /* TaylorTests */ = {
			isa = PBXNativeTarget;
			buildConfigurationList = A36B2F111B98244F0049F590 /* Build configuration list for PBXNativeTarget "TaylorTests" */;
			buildPhases = (
				A36B2F011B98244F0049F590 /* Sources */,
				A36B2F021B98244F0049F590 /* Frameworks */,
				A36B2F031B98244F0049F590 /* Resources */,
				A31402D91B9DF74200AE011B /* CopyFiles */,
			);
			buildRules = (
			);
			dependencies = (
				A36B2F071B98244F0049F590 /* PBXTargetDependency */,
			);
			name = TaylorTests;
			productName = TaylorTests;
			productReference = A36B2F051B98244F0049F590 /* TaylorTests.xctest */;
			productType = "com.apple.product-type.bundle.unit-test";
		};
/* End PBXNativeTarget section */

/* Begin PBXProject section */
		A36B2EEE1B98244F0049F590 /* Project object */ = {
			isa = PBXProject;
			attributes = {
				LastUpgradeCheck = 0700;
				ORGANIZATIONNAME = YOPESO;
				TargetAttributes = {
					A36B2EF51B98244F0049F590 = {
						CreatedOnToolsVersion = 7.0;
					};
					A36B2F041B98244F0049F590 = {
						CreatedOnToolsVersion = 7.0;
						TestTargetID = A36B2EF51B98244F0049F590;
					};
				};
			};
			buildConfigurationList = A36B2EF11B98244F0049F590 /* Build configuration list for PBXProject "Taylor" */;
			compatibilityVersion = "Xcode 3.2";
			developmentRegion = English;
			hasScannedForEncodings = 0;
			knownRegions = (
				en,
				Base,
			);
			mainGroup = A36B2EED1B98244F0049F590;
			productRefGroup = A36B2EF71B98244F0049F590 /* Products */;
			projectDirPath = "";
			projectRoot = "";
			targets = (
				A36B2EF51B98244F0049F590 /* Taylor */,
				A36B2F041B98244F0049F590 /* TaylorTests */,
			);
		};
/* End PBXProject section */

/* Begin PBXResourcesBuildPhase section */
		A36B2F031B98244F0049F590 /* Resources */ = {
			isa = PBXResourcesBuildPhase;
			buildActionMask = 2147483647;
			files = (
				A387138B1BEBD5A200880448 /* TestFileGettersSetters.txt in Resources */,
				A38713861BEBD5A200880448 /* TestFileComputedProperties.txt in Resources */,
				A387138D1BEBD5A200880448 /* TestFileIfElse.txt in Resources */,
				A38713841BEBD5A200880448 /* TestFileClosures.txt in Resources */,
				A38713981BEBD5A200880448 /* TestFileTernary.txt in Resources */,
				A38713891BEBD5A200880448 /* TestFileEmpty.txt in Resources */,
				A38713921BEBD5A200880448 /* TestFileOneClass.txt in Resources */,
				A38713941BEBD5A200880448 /* TestFileOneStructOneEnum.txt in Resources */,
				A38713951BEBD5A200880448 /* TestFileRandom.txt in Resources */,
				A387138A1BEBD5A200880448 /* TestFileEmptyLines.txt in Resources */,
				A38713871BEBD5A200880448 /* TestFileDoCatchInsideIf.txt in Resources */,
				A38713741BEBD5A200880448 /* excludes.yml in Resources */,
				A38713971BEBD5A200880448 /* TestFileStrings.txt in Resources */,
				A38713991BEBD5A200880448 /* TestFileTernaryNilc.txt in Resources */,
				A38713831BEBD5A200880448 /* TestFileBraceWithParameter.txt in Resources */,
				A38713881BEBD5A200880448 /* TestFileElseif.txt in Resources */,
				A38713851BEBD5A200880448 /* TestFileComments.txt in Resources */,
				A387138C1BEBD5A200880448 /* TestFileIfElifElse.txt in Resources */,
				A38713961BEBD5A200880448 /* TestFileRepeatWhile.txt in Resources */,
				A38713731BEBD5A200880448 /* emptyExcludes.yml in Resources */,
				A38713931BEBD5A200880448 /* TestFileOneClassOneFunc.txt in Resources */,
			);
			runOnlyForDeploymentPostprocessing = 0;
		};
/* End PBXResourcesBuildPhase section */

/* Begin PBXShellScriptBuildPhase section */
		A370D4AF1BABF86400C5DE95 /* App Deploy */ = {
			isa = PBXShellScriptBuildPhase;
			buildActionMask = 2147483647;
			files = (
			);
			inputPaths = (
			);
			name = "App Deploy";
			outputPaths = (
			);
			runOnlyForDeploymentPostprocessing = 0;
			shellPath = /bin/sh;
			shellScript = "#FRAMEWORK_PATH=\"${BUILD_DIR}/${CONFIGURATION}/${FULL_PRODUCT_NAME}\"\n#. scripts/install.sh ${BUILD_DIR}/${CONFIGURATION}/${FULL_PRODUCT_NAME}";
		};
/* End PBXShellScriptBuildPhase section */

/* Begin PBXSourcesBuildPhase section */
		A36B2EF21B98244F0049F590 /* Sources */ = {
			isa = PBXSourcesBuildPhase;
			buildActionMask = 2147483647;
			files = (
				A38713041BEBD55E00880448 /* PySwiftyRegex.swift in Sources */,
				A38712F51BEBD55E00880448 /* VerbosityOption.swift in Sources */,
				A38712EA1BEBD55E00880448 /* MessageProcessor.swift in Sources */,
				A38712E91BEBD55E00880448 /* InformationalOptionsFactory.swift in Sources */,
				A38713121BEBD55E00880448 /* Reporter.swift in Sources */,
				A38712ED1BEBD55E00880448 /* ExecutableOption.swift in Sources */,
				A387131A1BEBD55E00880448 /* Rule.swift in Sources */,
				A38713021BEBD55E00880448 /* ExtendedComponent.swift in Sources */,
				A31BF3661BBE857000756EB7 /* Timer.swift in Sources */,
				A38712FE1BEBD55E00880448 /* Finder.swift in Sources */,
				A38712FA1BEBD55E00880448 /* Constants.swift in Sources */,
				A387130F1BEBD55E00880448 /* PLAINCoordinator.swift in Sources */,
				A38712FC1BEBD55E00880448 /* Excludes.swift in Sources */,
				A38712E71BEBD55E00880448 /* ExcludesFileReader.swift in Sources */,
				A38713011BEBD55E00880448 /* PacMan.swift in Sources */,
				A38712F11BEBD55E00880448 /* PathOption.swift in Sources */,
				A38713171BEBD55E00880448 /* NumberOfLinesInClassRule.swift in Sources */,
				A38712F91BEBD55E00880448 /* Caprice.swift in Sources */,
				A38712E61BEBD55E00880448 /* Exceptions.swift in Sources */,
				A38713001BEBD55E00880448 /* Printer.swift in Sources */,
				A38713051BEBD55E00880448 /* Finder.swift in Sources */,
				A38712EE1BEBD55E00880448 /* FileOption.swift in Sources */,
				A38713151BEBD55E00880448 /* NestedBlockDepthRule.swift in Sources */,
				A38713191BEBD55E00880448 /* NumberOfMethodsInClassRule.swift in Sources */,
				A38712EF1BEBD55E00880448 /* InformationalOption.swift in Sources */,
				A38713181BEBD55E00880448 /* NumberOfLinesInMethodRule.swift in Sources */,
				A38712EB1BEBD55E00880448 /* ExcludeOption.swift in Sources */,
				A38712FF1BEBD55E00880448 /* Parameters.swift in Sources */,
				A38712F61BEBD55E00880448 /* OptionsProcessor.swift in Sources */,
				A38712E21BEBD55E00880448 /* Component.swift in Sources */,
				A31BF3801BBED60F00756EB7 /* Version.swift in Sources */,
				A33033921B982605000E683F /* main.swift in Sources */,
				A38712F81BEBD55E00880448 /* PathFormatter.swift in Sources */,
				A387130D1BEBD55E00880448 /* JSONCoordinator.swift in Sources */,
				A387130C1BEBD55E00880448 /* Temper.swift in Sources */,
				A38712FB1BEBD55E00880448 /* ErrorPrinter.swift in Sources */,
				A38712F01BEBD55E00880448 /* Option.swift in Sources */,
				A38713091BEBD55E00880448 /* Scissors.swift in Sources */,
				A38712F31BEBD55E00880448 /* RuleCustomizationOption.swift in Sources */,
				A387130E1BEBD55E00880448 /* OutputCoordinator.swift in Sources */,
				A387131B1BEBD55E00880448 /* RulesFactory.swift in Sources */,
				A38713111BEBD55E00880448 /* XcodeCoordinator.swift in Sources */,
				A38712EC1BEBD55E00880448 /* ExcludesFileOption.swift in Sources */,
				A38712E31BEBD55E00880448 /* ComponentRange.swift in Sources */,
				A38712F71BEBD55E00880448 /* OptionsValidator.swift in Sources */,
				A38712E81BEBD55E00880448 /* Extensions.swift in Sources */,
				A38713141BEBD55E00880448 /* ExcessiveParameterListRule.swift in Sources */,
				A31BF35E1BBE81B900756EB7 /* Array+Extensions.swift in Sources */,
				A387131C1BEBD55E00880448 /* Violation.swift in Sources */,
				A38712E51BEBD55E00880448 /* Utilities.swift in Sources */,
				A38713101BEBD55E00880448 /* PMDCoordinator.swift in Sources */,
				A38713131BEBD55E00880448 /* CyclomaticComplexityRule.swift in Sources */,
				A38712F21BEBD55E00880448 /* ReporterOption.swift in Sources */,
				A387130B1BEBD55E00880448 /* Component.swift in Sources */,
				A387130A1BEBD55E00880448 /* Tree.swift in Sources */,
				A38713031BEBD55E00880448 /* Extensions.swift in Sources */,
				A38713161BEBD55E00880448 /* NPathComplexityRule.swift in Sources */,
				A31BF3681BBE8C1100756EB7 /* Parameters.swift in Sources */,
				A38712F41BEBD55E00880448 /* TypeOption.swift in Sources */,
				A38712FD1BEBD55E00880448 /* Extensions.swift in Sources */,
				A38712E41BEBD55E00880448 /* FileContent.swift in Sources */,
			);
			runOnlyForDeploymentPostprocessing = 0;
		};
		A36B2F011B98244F0049F590 /* Sources */ = {
			isa = PBXSourcesBuildPhase;
			buildActionMask = 2147483647;
			files = (
				A387136C1BEBD5A200880448 /* ComponentTests.swift in Sources */,
				A387139B1BEBD5A200880448 /* TokenizerTests.swift in Sources */,
				A387137A1BEBD5A200880448 /* OptionsValidatorTests.swift in Sources */,
				A38713701BEBD5A200880448 /* MockFileManager.swift in Sources */,
				A38713801BEBD5A200880448 /* ParametersTests.swift in Sources */,
				A38713781BEBD5A200880448 /* MessageProcessorTests.swift in Sources */,
				A387136F1BEBD5A200880448 /* UtilitiesTests.swift in Sources */,
				A387139A1BEBD5A200880448 /* PacManTests.swift in Sources */,
				A387138F1BEBD5A200880448 /* TestFileMoreThan2K.swift in Sources */,
				A38713721BEBD5A200880448 /* MockOptionsProcessor.swift in Sources */,
				A387137D1BEBD5A200880448 /* ExcludesTests.swift in Sources */,
				A38713A81BEBD5A200880448 /* ReporterTests.swift in Sources */,
				A38713791BEBD5A200880448 /* OptionsProcessorTests.swift in Sources */,
				A38713821BEBD5A200880448 /* ComponentsBuilder.swift in Sources */,
				A38713911BEBD5A200880448 /* TestFileMoreThan500.swift in Sources */,
				A38713711BEBD5A200880448 /* MockMessageProcessor.swift in Sources */,
				A38713811BEBD5A200880448 /* PrinterTests.swift in Sources */,
				A387137E1BEBD5A200880448 /* FinderTests.swift in Sources */,
				A387139C1BEBD5A200880448 /* ComponentExtensionsTests.swift in Sources */,
				A387137C1BEBD5A200880448 /* VerbosityOptionTests.swift in Sources */,
				A38713771BEBD5A200880448 /* FiltererTests.swift in Sources */,
				A38713AC1BEBD5A200880448 /* ViolationTests.swift in Sources */,
				A387138E1BEBD5A200880448 /* TestFileMoreThan1K.swift in Sources */,
				A38713751BEBD5A200880448 /* CapriceTests.swift in Sources */,
				A36B2F0A1B98244F0049F590 /* TaylorTests.swift in Sources */,
				A38713A41BEBD5A200880448 /* NumberOfLinesInClassRuleTests.swift in Sources */,
				A38713901BEBD5A200880448 /* TestFileMoreThan3K.swift in Sources */,
				A387137B1BEBD5A200880448 /* PathFormatterTests.swift in Sources */,
				A387139F1BEBD5A200880448 /* DictionaryTests.swift in Sources */,
				A38713A31BEBD5A200880448 /* NSFileManagerTests.swift in Sources */,
				A387139D1BEBD5A200880448 /* ComponentRangeExtensionsTests.swift in Sources */,
				A38713A61BEBD5A200880448 /* NumberOfMethodsInClassRuleTests.swift in Sources */,
				A387137F1BEBD5A200880448 /* MockFileManager.swift in Sources */,
				A38713A91BEBD5A200880448 /* RulesFactoryTests.swift in Sources */,
				A38713A71BEBD5A200880448 /* OutputCoordinatorTests.swift in Sources */,
				A38713761BEBD5A200880448 /* ExcludesFileReaderTests.swift in Sources */,
				A387136B1BEBD5A200880448 /* ComponentRangeTests.swift in Sources */,
				A38713A21BEBD5A200880448 /* NPathComplexityRuleTests.swift in Sources */,
				A38713AA1BEBD5A200880448 /* TemperTests.swift in Sources */,
				A387139E1BEBD5A200880448 /* CyclomaticComplexityTests.swift in Sources */,
				A38713AB1BEBD5A200880448 /* TestsHelper.swift in Sources */,
				A387136D1BEBD5A200880448 /* FileContentTests.swift in Sources */,
				A38713A11BEBD5A200880448 /* NestedBlockDepthRuleTests.swift in Sources */,
				A38713A01BEBD5A200880448 /* ExcessiveParameterListRuleTests.swift in Sources */,
				A38713A51BEBD5A200880448 /* NumberOfLinesInMethodRuleTests.swift in Sources */,
			);
			runOnlyForDeploymentPostprocessing = 0;
		};
/* End PBXSourcesBuildPhase section */

/* Begin PBXTargetDependency section */
		A36B2F071B98244F0049F590 /* PBXTargetDependency */ = {
			isa = PBXTargetDependency;
			target = A36B2EF51B98244F0049F590 /* Taylor */;
			targetProxy = A36B2F061B98244F0049F590 /* PBXContainerItemProxy */;
		};
/* End PBXTargetDependency section */

/* Begin XCBuildConfiguration section */
		A36B2F0C1B98244F0049F590 /* Debug */ = {
			isa = XCBuildConfiguration;
			buildSettings = {
				ALWAYS_SEARCH_USER_PATHS = NO;
				CLANG_CXX_LANGUAGE_STANDARD = "gnu++0x";
				CLANG_CXX_LIBRARY = "libc++";
				CLANG_ENABLE_MODULES = YES;
				CLANG_ENABLE_OBJC_ARC = YES;
				CLANG_WARN_BOOL_CONVERSION = YES;
				CLANG_WARN_CONSTANT_CONVERSION = YES;
				CLANG_WARN_DIRECT_OBJC_ISA_USAGE = YES_ERROR;
				CLANG_WARN_EMPTY_BODY = YES;
				CLANG_WARN_ENUM_CONVERSION = YES;
				CLANG_WARN_INT_CONVERSION = YES;
				CLANG_WARN_OBJC_ROOT_CLASS = YES_ERROR;
				CLANG_WARN_UNREACHABLE_CODE = YES;
				CLANG_WARN__DUPLICATE_METHOD_MATCH = YES;
				CODE_SIGN_IDENTITY = "-";
				COPY_PHASE_STRIP = NO;
				DEBUG_INFORMATION_FORMAT = dwarf;
				ENABLE_STRICT_OBJC_MSGSEND = YES;
				ENABLE_TESTABILITY = YES;
				GCC_C_LANGUAGE_STANDARD = gnu99;
				GCC_DYNAMIC_NO_PIC = NO;
				GCC_NO_COMMON_BLOCKS = YES;
				GCC_OPTIMIZATION_LEVEL = 0;
				GCC_PREPROCESSOR_DEFINITIONS = (
					DEBUG,
					"$(inherited)",
				);
				GCC_WARN_64_TO_32_BIT_CONVERSION = YES;
				GCC_WARN_ABOUT_RETURN_TYPE = YES_ERROR;
				GCC_WARN_UNDECLARED_SELECTOR = YES;
				GCC_WARN_UNINITIALIZED_AUTOS = YES_AGGRESSIVE;
				GCC_WARN_UNUSED_FUNCTION = YES;
				GCC_WARN_UNUSED_VARIABLE = YES;
				MACOSX_DEPLOYMENT_TARGET = 10.10;
				MTL_ENABLE_DEBUG_INFO = YES;
				ONLY_ACTIVE_ARCH = YES;
				OTHER_SWIFT_FLAGS = "-D DEBUG";
				SDKROOT = macosx;
				SWIFT_OPTIMIZATION_LEVEL = "-Onone";
			};
			name = Debug;
		};
		A36B2F0D1B98244F0049F590 /* Release */ = {
			isa = XCBuildConfiguration;
			buildSettings = {
				ALWAYS_SEARCH_USER_PATHS = NO;
				CLANG_CXX_LANGUAGE_STANDARD = "gnu++0x";
				CLANG_CXX_LIBRARY = "libc++";
				CLANG_ENABLE_MODULES = YES;
				CLANG_ENABLE_OBJC_ARC = YES;
				CLANG_WARN_BOOL_CONVERSION = YES;
				CLANG_WARN_CONSTANT_CONVERSION = YES;
				CLANG_WARN_DIRECT_OBJC_ISA_USAGE = YES_ERROR;
				CLANG_WARN_EMPTY_BODY = YES;
				CLANG_WARN_ENUM_CONVERSION = YES;
				CLANG_WARN_INT_CONVERSION = YES;
				CLANG_WARN_OBJC_ROOT_CLASS = YES_ERROR;
				CLANG_WARN_UNREACHABLE_CODE = YES;
				CLANG_WARN__DUPLICATE_METHOD_MATCH = YES;
				CODE_SIGN_IDENTITY = "-";
				COPY_PHASE_STRIP = NO;
				DEBUG_INFORMATION_FORMAT = "dwarf-with-dsym";
				ENABLE_NS_ASSERTIONS = NO;
				ENABLE_STRICT_OBJC_MSGSEND = YES;
				GCC_C_LANGUAGE_STANDARD = gnu99;
				GCC_NO_COMMON_BLOCKS = YES;
				GCC_WARN_64_TO_32_BIT_CONVERSION = YES;
				GCC_WARN_ABOUT_RETURN_TYPE = YES_ERROR;
				GCC_WARN_UNDECLARED_SELECTOR = YES;
				GCC_WARN_UNINITIALIZED_AUTOS = YES_AGGRESSIVE;
				GCC_WARN_UNUSED_FUNCTION = YES;
				GCC_WARN_UNUSED_VARIABLE = YES;
				MACOSX_DEPLOYMENT_TARGET = 10.10;
				MTL_ENABLE_DEBUG_INFO = NO;
				OTHER_SWIFT_FLAGS = "-D DEBUG";
				SDKROOT = macosx;
			};
			name = Release;
		};
		A36B2F0F1B98244F0049F590 /* Debug */ = {
			isa = XCBuildConfiguration;
			buildSettings = {
				CLANG_ENABLE_MODULES = YES;
				CODE_SIGN_IDENTITY = "Developer ID Application";
				COMBINE_HIDPI_IMAGES = YES;
				EMBEDDED_CONTENT_CONTAINS_SWIFT = YES;
				FRAMEWORK_SEARCH_PATHS = (
					"$(inherited)",
					"$(PROJECT_DIR)/Taylor",
					"$(PROJECT_DIR)/Common",
					"$(PROJECT_DIR)/Modules/scissors/Frameworks",
				);
				INFOPLIST_FILE = Taylor/Info.plist;
				LD_RUNPATH_SEARCH_PATHS = "$(inherited) @executable_path/../Frameworks";
				PRODUCT_BUNDLE_IDENTIFIER = com.yopeso.Taylor;
				PRODUCT_NAME = "$(TARGET_NAME)";
				SWIFT_OPTIMIZATION_LEVEL = "-Onone";
			};
			name = Debug;
		};
		A36B2F101B98244F0049F590 /* Release */ = {
			isa = XCBuildConfiguration;
			buildSettings = {
				CLANG_ENABLE_MODULES = YES;
				CODE_SIGN_IDENTITY = "Developer ID Application";
				COMBINE_HIDPI_IMAGES = YES;
				EMBEDDED_CONTENT_CONTAINS_SWIFT = YES;
				FRAMEWORK_SEARCH_PATHS = (
					"$(inherited)",
					"$(PROJECT_DIR)/Taylor",
					"$(PROJECT_DIR)/Common",
					"$(PROJECT_DIR)/Modules/scissors/Frameworks",
				);
				INFOPLIST_FILE = Taylor/Info.plist;
				LD_RUNPATH_SEARCH_PATHS = "$(inherited) @executable_path/../Frameworks";
				OTHER_SWIFT_FLAGS = "";
				PRODUCT_BUNDLE_IDENTIFIER = com.yopeso.Taylor;
				PRODUCT_NAME = "$(TARGET_NAME)";
				SWIFT_OPTIMIZATION_LEVEL = "-Owholemodule";
			};
			name = Release;
		};
		A36B2F121B98244F0049F590 /* Debug */ = {
			isa = XCBuildConfiguration;
			buildSettings = {
				BUNDLE_LOADER = "$(TEST_HOST)";
				COMBINE_HIDPI_IMAGES = YES;
				FRAMEWORK_SEARCH_PATHS = (
					"$(inherited)",
					"$(PROJECT_DIR)/CommonTestsSources",
				);
				INFOPLIST_FILE = TaylorTests/Info.plist;
				LD_RUNPATH_SEARCH_PATHS = "$(inherited) @executable_path/../Frameworks @loader_path/../Frameworks";
				PRODUCT_BUNDLE_IDENTIFIER = com.yopeso.TaylorTests;
				PRODUCT_NAME = "$(TARGET_NAME)";
				TEST_HOST = "$(BUILT_PRODUCTS_DIR)/Taylor.app/Contents/MacOS/Taylor";
			};
			name = Debug;
		};
		A36B2F131B98244F0049F590 /* Release */ = {
			isa = XCBuildConfiguration;
			buildSettings = {
				BUNDLE_LOADER = "$(TEST_HOST)";
				COMBINE_HIDPI_IMAGES = YES;
				FRAMEWORK_SEARCH_PATHS = (
					"$(inherited)",
					"$(PROJECT_DIR)/CommonTestsSources",
				);
				INFOPLIST_FILE = TaylorTests/Info.plist;
				LD_RUNPATH_SEARCH_PATHS = "$(inherited) @executable_path/../Frameworks @loader_path/../Frameworks";
				PRODUCT_BUNDLE_IDENTIFIER = com.yopeso.TaylorTests;
				PRODUCT_NAME = "$(TARGET_NAME)";
				TEST_HOST = "$(BUILT_PRODUCTS_DIR)/Taylor.app/Contents/MacOS/Taylor";
			};
			name = Release;
		};
/* End XCBuildConfiguration section */

/* Begin XCConfigurationList section */
		A36B2EF11B98244F0049F590 /* Build configuration list for PBXProject "Taylor" */ = {
			isa = XCConfigurationList;
			buildConfigurations = (
				A36B2F0C1B98244F0049F590 /* Debug */,
				A36B2F0D1B98244F0049F590 /* Release */,
			);
			defaultConfigurationIsVisible = 0;
			defaultConfigurationName = Release;
		};
		A36B2F0E1B98244F0049F590 /* Build configuration list for PBXNativeTarget "Taylor" */ = {
			isa = XCConfigurationList;
			buildConfigurations = (
				A36B2F0F1B98244F0049F590 /* Debug */,
				A36B2F101B98244F0049F590 /* Release */,
			);
			defaultConfigurationIsVisible = 0;
			defaultConfigurationName = Release;
		};
		A36B2F111B98244F0049F590 /* Build configuration list for PBXNativeTarget "TaylorTests" */ = {
			isa = XCConfigurationList;
			buildConfigurations = (
				A36B2F121B98244F0049F590 /* Debug */,
				A36B2F131B98244F0049F590 /* Release */,
			);
			defaultConfigurationIsVisible = 0;
			defaultConfigurationName = Release;
		};
/* End XCConfigurationList section */
	};
	rootObject = A36B2EEE1B98244F0049F590 /* Project object */;
}
