// !$*UTF8*$!
{
	archiveVersion = 1;
	classes = {
	};
	objectVersion = 46;
	objects = {

/* Begin PBXBuildFile section */
		A31402CF1B9DF72A00AE011B /* Temper.framework in Frameworks */ = {isa = PBXBuildFile; fileRef = A33D62421B98435400C6F3C3 /* Temper.framework */; };
		A31402D01B9DF72A00AE011B /* Temper.framework in Embed Frameworks */ = {isa = PBXBuildFile; fileRef = A33D62421B98435400C6F3C3 /* Temper.framework */; settings = {ATTRIBUTES = (CodeSignOnCopy, RemoveHeadersOnCopy, ); }; };
		A31402DA1B9DF74A00AE011B /* Nimble.framework in CopyFiles */ = {isa = PBXBuildFile; fileRef = A3CB26501B9DF6FA00802E80 /* Nimble.framework */; settings = {ATTRIBUTES = (CodeSignOnCopy, RemoveHeadersOnCopy, ); }; };
		A31402DB1B9DF74A00AE011B /* Quick.framework in CopyFiles */ = {isa = PBXBuildFile; fileRef = A3CB26511B9DF6FA00802E80 /* Quick.framework */; settings = {ATTRIBUTES = (CodeSignOnCopy, RemoveHeadersOnCopy, ); }; };
		A33033921B982605000E683F /* main.swift in Sources */ = {isa = PBXBuildFile; fileRef = A33033911B982605000E683F /* main.swift */; };
		A33D61FB1B983D6400C6F3C3 /* Scissors.framework in Frameworks */ = {isa = PBXBuildFile; fileRef = A33D61F71B983D4A00C6F3C3 /* Scissors.framework */; };
		A33D61FC1B983D6400C6F3C3 /* Scissors.framework in Embed Frameworks */ = {isa = PBXBuildFile; fileRef = A33D61F71B983D4A00C6F3C3 /* Scissors.framework */; settings = {ATTRIBUTES = (CodeSignOnCopy, RemoveHeadersOnCopy, ); }; };
		A33F089F1B98AD9C00950857 /* Caprice.framework in Frameworks */ = {isa = PBXBuildFile; fileRef = A33F08941B98A9BC00950857 /* Caprice.framework */; };
		A33F08A01B98AD9C00950857 /* Caprice.framework in Embed Frameworks */ = {isa = PBXBuildFile; fileRef = A33F08941B98A9BC00950857 /* Caprice.framework */; settings = {ATTRIBUTES = (CodeSignOnCopy, RemoveHeadersOnCopy, ); }; };
		A368A40C1BB3F5FC0029BDF7 /* IntegrationTests.swift in Sources */ = {isa = PBXBuildFile; fileRef = A368A40B1BB3F5FC0029BDF7 /* IntegrationTests.swift */; };
		A368A4121BB3F60C0029BDF7 /* Nimble.framework in Frameworks */ = {isa = PBXBuildFile; fileRef = A3CB26501B9DF6FA00802E80 /* Nimble.framework */; settings = {ASSET_TAGS = (); }; };
		A368A4131BB3F60C0029BDF7 /* Quick.framework in Frameworks */ = {isa = PBXBuildFile; fileRef = A3CB26511B9DF6FA00802E80 /* Quick.framework */; settings = {ASSET_TAGS = (); }; };
		A368A4141BB3F6130029BDF7 /* Nimble.framework in CopyFiles */ = {isa = PBXBuildFile; fileRef = A3CB26501B9DF6FA00802E80 /* Nimble.framework */; settings = {ATTRIBUTES = (CodeSignOnCopy, RemoveHeadersOnCopy, ); }; };
		A368A4151BB3F6130029BDF7 /* Quick.framework in CopyFiles */ = {isa = PBXBuildFile; fileRef = A3CB26511B9DF6FA00802E80 /* Quick.framework */; settings = {ATTRIBUTES = (CodeSignOnCopy, RemoveHeadersOnCopy, ); }; };
		A368A4161BB3F69C0029BDF7 /* BoundariesKit.framework in Frameworks */ = {isa = PBXBuildFile; fileRef = A3E54CEB1B9DA96300B83273 /* BoundariesKit.framework */; settings = {ASSET_TAGS = (); }; };
		A368A4171BB3F6A30029BDF7 /* BoundariesKit.framework in CopyFiles */ = {isa = PBXBuildFile; fileRef = A3E54CEB1B9DA96300B83273 /* BoundariesKit.framework */; settings = {ATTRIBUTES = (CodeSignOnCopy, RemoveHeadersOnCopy, ); }; };
		A368A41C1BB3F6E10029BDF7 /* Scissors.framework in Frameworks */ = {isa = PBXBuildFile; fileRef = A33D61F71B983D4A00C6F3C3 /* Scissors.framework */; };
		A368A41D1BB3F6E10029BDF7 /* Temper.framework in Frameworks */ = {isa = PBXBuildFile; fileRef = A33D62421B98435400C6F3C3 /* Temper.framework */; };
		A368A41E1BB3F6E90029BDF7 /* Scissors.framework in CopyFiles */ = {isa = PBXBuildFile; fileRef = A33D61F71B983D4A00C6F3C3 /* Scissors.framework */; settings = {ATTRIBUTES = (CodeSignOnCopy, RemoveHeadersOnCopy, ); }; };
		A368A41F1BB3F6E90029BDF7 /* Temper.framework in CopyFiles */ = {isa = PBXBuildFile; fileRef = A33D62421B98435400C6F3C3 /* Temper.framework */; settings = {ATTRIBUTES = (CodeSignOnCopy, RemoveHeadersOnCopy, ); }; };
		A36B2F0A1B98244F0049F590 /* TaylorTests.swift in Sources */ = {isa = PBXBuildFile; fileRef = A36B2F091B98244F0049F590 /* TaylorTests.swift */; };
		A370D4BB1BAC137B00C5DE95 /* Printer.framework in Frameworks */ = {isa = PBXBuildFile; fileRef = A37E1BB51BA98C0D00C56372 /* Printer.framework */; };
		A3CB26521B9DF6FA00802E80 /* Nimble.framework in Frameworks */ = {isa = PBXBuildFile; fileRef = A3CB26501B9DF6FA00802E80 /* Nimble.framework */; settings = {ASSET_TAGS = (); }; };
		A3CB26531B9DF6FA00802E80 /* Quick.framework in Frameworks */ = {isa = PBXBuildFile; fileRef = A3CB26511B9DF6FA00802E80 /* Quick.framework */; settings = {ASSET_TAGS = (); }; };
		A3E4811D1B98315000451D20 /* Finder.framework in Frameworks */ = {isa = PBXBuildFile; fileRef = A3E480F11B982EFC00451D20 /* Finder.framework */; };
		A3E4811E1B98315000451D20 /* Finder.framework in Embed Frameworks */ = {isa = PBXBuildFile; fileRef = A3E480F11B982EFC00451D20 /* Finder.framework */; settings = {ATTRIBUTES = (CodeSignOnCopy, RemoveHeadersOnCopy, ); }; };
		A3E54CED1B9DA97300B83273 /* BoundariesKit.framework in Frameworks */ = {isa = PBXBuildFile; fileRef = A3E54CEB1B9DA96300B83273 /* BoundariesKit.framework */; };
		A3E54CEE1B9DA97300B83273 /* BoundariesKit.framework in Embed Frameworks */ = {isa = PBXBuildFile; fileRef = A3E54CEB1B9DA96300B83273 /* BoundariesKit.framework */; settings = {ATTRIBUTES = (CodeSignOnCopy, RemoveHeadersOnCopy, ); }; };
		A3F76B621BB298C800520A31 /* Printer.framework in Embed Frameworks */ = {isa = PBXBuildFile; fileRef = A370D4B61BAC135900C5DE95 /* Printer.framework */; settings = {ATTRIBUTES = (CodeSignOnCopy, RemoveHeadersOnCopy, ); }; };
/* End PBXBuildFile section */

/* Begin PBXContainerItemProxy section */
		A31402D11B9DF72A00AE011B /* PBXContainerItemProxy */ = {
			isa = PBXContainerItemProxy;
			containerPortal = A33D62391B98435400C6F3C3 /* Temper.xcodeproj */;
			proxyType = 1;
			remoteGlobalIDString = 17E2CF781B983AF10018A48C;
			remoteInfo = Temper;
		};
		A33D61F61B983D4A00C6F3C3 /* PBXContainerItemProxy */ = {
			isa = PBXContainerItemProxy;
			containerPortal = A33D61EF1B983D4A00C6F3C3 /* Scissors.xcodeproj */;
			proxyType = 2;
			remoteGlobalIDString = A33D61CB1B983CAF00C6F3C3;
			remoteInfo = Scissors;
		};
		A33D61F81B983D4A00C6F3C3 /* PBXContainerItemProxy */ = {
			isa = PBXContainerItemProxy;
			containerPortal = A33D61EF1B983D4A00C6F3C3 /* Scissors.xcodeproj */;
			proxyType = 2;
			remoteGlobalIDString = A33D61D41B983CAF00C6F3C3;
			remoteInfo = ScissorsTests;
		};
		A33D61FD1B983D6400C6F3C3 /* PBXContainerItemProxy */ = {
			isa = PBXContainerItemProxy;
			containerPortal = A33D61EF1B983D4A00C6F3C3 /* Scissors.xcodeproj */;
			proxyType = 1;
			remoteGlobalIDString = FFDF4CC41B97760C00D11DAB;
			remoteInfo = Scissors;
		};
		A33D62411B98435400C6F3C3 /* PBXContainerItemProxy */ = {
			isa = PBXContainerItemProxy;
			containerPortal = A33D62391B98435400C6F3C3 /* Temper.xcodeproj */;
			proxyType = 2;
			remoteGlobalIDString = A33D620C1B98424600C6F3C3;
			remoteInfo = Temper;
		};
		A33D62431B98435400C6F3C3 /* PBXContainerItemProxy */ = {
			isa = PBXContainerItemProxy;
			containerPortal = A33D62391B98435400C6F3C3 /* Temper.xcodeproj */;
			proxyType = 2;
			remoteGlobalIDString = A33D62151B98424600C6F3C3;
			remoteInfo = TemperTests;
		};
		A33F088F1B98A9BC00950857 /* PBXContainerItemProxy */ = {
			isa = PBXContainerItemProxy;
			containerPortal = A384595B1B987ED800175BFA /* Caprices.xcodeproj */;
			proxyType = 1;
			remoteGlobalIDString = A36B2F181B9826A20049F590;
			remoteInfo = Caprice;
		};
		A33F08931B98A9BC00950857 /* PBXContainerItemProxy */ = {
			isa = PBXContainerItemProxy;
			containerPortal = A384595B1B987ED800175BFA /* Caprices.xcodeproj */;
			proxyType = 2;
			remoteGlobalIDString = A36B2F191B9826A20049F590;
			remoteInfo = Caprice;
		};
		A33F08951B98A9BC00950857 /* PBXContainerItemProxy */ = {
			isa = PBXContainerItemProxy;
			containerPortal = A384595B1B987ED800175BFA /* Caprices.xcodeproj */;
			proxyType = 2;
			remoteGlobalIDString = A36B2F221B9826A20049F590;
			remoteInfo = CapriceTests;
		};
		A33F08A11B98AD9C00950857 /* PBXContainerItemProxy */ = {
			isa = PBXContainerItemProxy;
			containerPortal = A384595B1B987ED800175BFA /* Caprices.xcodeproj */;
			proxyType = 1;
			remoteGlobalIDString = A36B2F181B9826A20049F590;
			remoteInfo = Caprice;
		};
		A368A4181BB3F6D80029BDF7 /* PBXContainerItemProxy */ = {
			isa = PBXContainerItemProxy;
			containerPortal = A33D61EF1B983D4A00C6F3C3 /* Scissors.xcodeproj */;
			proxyType = 1;
			remoteGlobalIDString = FFDF4CC41B97760C00D11DAB;
			remoteInfo = Scissors;
		};
		A368A41A1BB3F6D80029BDF7 /* PBXContainerItemProxy */ = {
			isa = PBXContainerItemProxy;
			containerPortal = A33D62391B98435400C6F3C3 /* Temper.xcodeproj */;
			proxyType = 1;
			remoteGlobalIDString = 17E2CF781B983AF10018A48C;
			remoteInfo = Temper;
		};
		A36B2F061B98244F0049F590 /* PBXContainerItemProxy */ = {
			isa = PBXContainerItemProxy;
			containerPortal = A36B2EEE1B98244F0049F590 /* Project object */;
			proxyType = 1;
			remoteGlobalIDString = A36B2EF51B98244F0049F590;
			remoteInfo = Taylor;
		};
		A370D4B51BAC135900C5DE95 /* PBXContainerItemProxy */ = {
			isa = PBXContainerItemProxy;
			containerPortal = A370D4B01BAC135900C5DE95 /* Printer.xcodeproj */;
			proxyType = 2;
			remoteGlobalIDString = A31E32791BA1C6DD005E3D0F;
			remoteInfo = Printer;
		};
		A370D4B71BAC135900C5DE95 /* PBXContainerItemProxy */ = {
			isa = PBXContainerItemProxy;
			containerPortal = A370D4B01BAC135900C5DE95 /* Printer.xcodeproj */;
			proxyType = 2;
			remoteGlobalIDString = A31E32831BA1C6DD005E3D0F;
			remoteInfo = PrinterTests;
		};
		A370D4B91BAC136200C5DE95 /* PBXContainerItemProxy */ = {
			isa = PBXContainerItemProxy;
			containerPortal = A370D4B01BAC135900C5DE95 /* Printer.xcodeproj */;
			proxyType = 1;
			remoteGlobalIDString = A31E32781BA1C6DD005E3D0F;
			remoteInfo = Printer;
		};
		A3E480F01B982EFC00451D20 /* PBXContainerItemProxy */ = {
			isa = PBXContainerItemProxy;
			containerPortal = A3E480EB1B982EFC00451D20 /* Finder.xcodeproj */;
			proxyType = 2;
			remoteGlobalIDString = 2457162F1B8DBCC800446507;
			remoteInfo = Finder;
		};
		A3E480F21B982EFC00451D20 /* PBXContainerItemProxy */ = {
			isa = PBXContainerItemProxy;
			containerPortal = A3E480EB1B982EFC00451D20 /* Finder.xcodeproj */;
			proxyType = 2;
			remoteGlobalIDString = 2457163D1B8DC6A600446507;
			remoteInfo = FinderTests;
		};
		A3E4811F1B98315000451D20 /* PBXContainerItemProxy */ = {
			isa = PBXContainerItemProxy;
			containerPortal = A3E480EB1B982EFC00451D20 /* Finder.xcodeproj */;
			proxyType = 1;
			remoteGlobalIDString = B1E3919F1B9861B000F3EB83;
			remoteInfo = Finder;
		};
		A3E54CD11B9DA24B00B83273 /* PBXContainerItemProxy */ = {
			isa = PBXContainerItemProxy;
			containerPortal = A3E54CCC1B9DA24B00B83273 /* BoundariesKit.xcodeproj */;
			proxyType = 2;
			remoteGlobalIDString = A33D62551B98462400C6F3C3;
			remoteInfo = BoundariesKit;
		};
		A3E54CD31B9DA24B00B83273 /* PBXContainerItemProxy */ = {
			isa = PBXContainerItemProxy;
			containerPortal = A3E54CCC1B9DA24B00B83273 /* BoundariesKit.xcodeproj */;
			proxyType = 2;
			remoteGlobalIDString = A33D625F1B98462400C6F3C3;
			remoteInfo = BoundariesKitTests;
		};
		A3E54CD91B9DA27700B83273 /* PBXContainerItemProxy */ = {
			isa = PBXContainerItemProxy;
			containerPortal = A3E54CCC1B9DA24B00B83273 /* BoundariesKit.xcodeproj */;
			proxyType = 1;
			remoteGlobalIDString = A33D62541B98462400C6F3C3;
			remoteInfo = BoundariesKit;
		};
		A3F76B631BB298C800520A31 /* PBXContainerItemProxy */ = {
			isa = PBXContainerItemProxy;
			containerPortal = A370D4B01BAC135900C5DE95 /* Printer.xcodeproj */;
			proxyType = 1;
			remoteGlobalIDString = A31E32781BA1C6DD005E3D0F;
			remoteInfo = Printer;
		};
/* End PBXContainerItemProxy section */

/* Begin PBXCopyFilesBuildPhase section */
		A31402D91B9DF74200AE011B /* CopyFiles */ = {
			isa = PBXCopyFilesBuildPhase;
			buildActionMask = 2147483647;
			dstPath = "";
			dstSubfolderSpec = 10;
			files = (
				A31402DA1B9DF74A00AE011B /* Nimble.framework in CopyFiles */,
				A31402DB1B9DF74A00AE011B /* Quick.framework in CopyFiles */,
			);
			runOnlyForDeploymentPostprocessing = 0;
		};
		A368A4111BB3F6010029BDF7 /* CopyFiles */ = {
			isa = PBXCopyFilesBuildPhase;
			buildActionMask = 2147483647;
			dstPath = "";
			dstSubfolderSpec = 10;
			files = (
				A368A41E1BB3F6E90029BDF7 /* Scissors.framework in CopyFiles */,
				A368A41F1BB3F6E90029BDF7 /* Temper.framework in CopyFiles */,
				A368A4171BB3F6A30029BDF7 /* BoundariesKit.framework in CopyFiles */,
				A368A4141BB3F6130029BDF7 /* Nimble.framework in CopyFiles */,
				A368A4151BB3F6130029BDF7 /* Quick.framework in CopyFiles */,
			);
			runOnlyForDeploymentPostprocessing = 0;
		};
		A36B2F4A1B9828670049F590 /* Embed Frameworks */ = {
			isa = PBXCopyFilesBuildPhase;
			buildActionMask = 2147483647;
			dstPath = "";
			dstSubfolderSpec = 10;
			files = (
				A33D61FC1B983D6400C6F3C3 /* Scissors.framework in Embed Frameworks */,
				A3F76B621BB298C800520A31 /* Printer.framework in Embed Frameworks */,
				A33F08A01B98AD9C00950857 /* Caprice.framework in Embed Frameworks */,
				A31402D01B9DF72A00AE011B /* Temper.framework in Embed Frameworks */,
				A3E54CEE1B9DA97300B83273 /* BoundariesKit.framework in Embed Frameworks */,
				A3E4811E1B98315000451D20 /* Finder.framework in Embed Frameworks */,
			);
			name = "Embed Frameworks";
			runOnlyForDeploymentPostprocessing = 0;
		};
/* End PBXCopyFilesBuildPhase section */

/* Begin PBXFileReference section */
		A33033911B982605000E683F /* main.swift */ = {isa = PBXFileReference; fileEncoding = 4; lastKnownFileType = sourcecode.swift; path = main.swift; sourceTree = "<group>"; };
		A33D61EF1B983D4A00C6F3C3 /* Scissors.xcodeproj */ = {isa = PBXFileReference; lastKnownFileType = "wrapper.pb-project"; name = Scissors.xcodeproj; path = Modules/scissors/Scissors.xcodeproj; sourceTree = "<group>"; };
		A33D62391B98435400C6F3C3 /* Temper.xcodeproj */ = {isa = PBXFileReference; lastKnownFileType = "wrapper.pb-project"; name = Temper.xcodeproj; path = Modules/temper/Temper/Temper.xcodeproj; sourceTree = "<group>"; };
		A368A4091BB3F5FC0029BDF7 /* IntegrationTests.xctest */ = {isa = PBXFileReference; explicitFileType = wrapper.cfbundle; includeInIndex = 0; path = IntegrationTests.xctest; sourceTree = BUILT_PRODUCTS_DIR; };
		A368A40B1BB3F5FC0029BDF7 /* IntegrationTests.swift */ = {isa = PBXFileReference; lastKnownFileType = sourcecode.swift; path = IntegrationTests.swift; sourceTree = "<group>"; };
		A368A40D1BB3F5FC0029BDF7 /* Info.plist */ = {isa = PBXFileReference; lastKnownFileType = text.plist.xml; path = Info.plist; sourceTree = "<group>"; };
		A36B2EF61B98244F0049F590 /* Taylor.app */ = {isa = PBXFileReference; explicitFileType = wrapper.application; includeInIndex = 0; path = Taylor.app; sourceTree = BUILT_PRODUCTS_DIR; };
		A36B2F001B98244F0049F590 /* Info.plist */ = {isa = PBXFileReference; lastKnownFileType = text.plist.xml; path = Info.plist; sourceTree = "<group>"; };
		A36B2F051B98244F0049F590 /* TaylorTests.xctest */ = {isa = PBXFileReference; explicitFileType = wrapper.cfbundle; includeInIndex = 0; path = TaylorTests.xctest; sourceTree = BUILT_PRODUCTS_DIR; };
		A36B2F091B98244F0049F590 /* TaylorTests.swift */ = {isa = PBXFileReference; lastKnownFileType = sourcecode.swift; path = TaylorTests.swift; sourceTree = "<group>"; };
		A36B2F0B1B98244F0049F590 /* Info.plist */ = {isa = PBXFileReference; lastKnownFileType = text.plist.xml; path = Info.plist; sourceTree = "<group>"; };
		A370D4B01BAC135900C5DE95 /* Printer.xcodeproj */ = {isa = PBXFileReference; lastKnownFileType = "wrapper.pb-project"; name = Printer.xcodeproj; path = Modules/Printer/Printer.xcodeproj; sourceTree = "<group>"; };
		A37E1BB51BA98C0D00C56372 /* Printer.framework */ = {isa = PBXFileReference; lastKnownFileType = wrapper.framework; path = Printer.framework; sourceTree = "<group>"; };
		A384595B1B987ED800175BFA /* Caprices.xcodeproj */ = {isa = PBXFileReference; lastKnownFileType = "wrapper.pb-project"; name = Caprices.xcodeproj; path = Modules/caprices/Caprices/Caprices.xcodeproj; sourceTree = "<group>"; };
		A3CB26501B9DF6FA00802E80 /* Nimble.framework */ = {isa = PBXFileReference; lastKnownFileType = wrapper.framework; path = Nimble.framework; sourceTree = "<group>"; };
		A3CB26511B9DF6FA00802E80 /* Quick.framework */ = {isa = PBXFileReference; lastKnownFileType = wrapper.framework; path = Quick.framework; sourceTree = "<group>"; };
		A3E480EB1B982EFC00451D20 /* Finder.xcodeproj */ = {isa = PBXFileReference; lastKnownFileType = "wrapper.pb-project"; name = Finder.xcodeproj; path = Modules/finder/Finder.xcodeproj; sourceTree = "<group>"; };
		A3E54CCC1B9DA24B00B83273 /* BoundariesKit.xcodeproj */ = {isa = PBXFileReference; lastKnownFileType = "wrapper.pb-project"; name = BoundariesKit.xcodeproj; path = Modules/BoundariesKit/BoundariesKit.xcodeproj; sourceTree = "<group>"; };
		A3E54CEB1B9DA96300B83273 /* BoundariesKit.framework */ = {isa = PBXFileReference; lastKnownFileType = wrapper.framework; path = BoundariesKit.framework; sourceTree = "<group>"; };
/* End PBXFileReference section */

/* Begin PBXFrameworksBuildPhase section */
		A368A4061BB3F5FC0029BDF7 /* Frameworks */ = {
			isa = PBXFrameworksBuildPhase;
			buildActionMask = 2147483647;
			files = (
				A368A41C1BB3F6E10029BDF7 /* Scissors.framework in Frameworks */,
				A368A41D1BB3F6E10029BDF7 /* Temper.framework in Frameworks */,
				A368A4161BB3F69C0029BDF7 /* BoundariesKit.framework in Frameworks */,
				A368A4131BB3F60C0029BDF7 /* Quick.framework in Frameworks */,
				A368A4121BB3F60C0029BDF7 /* Nimble.framework in Frameworks */,
			);
			runOnlyForDeploymentPostprocessing = 0;
		};
		A36B2EF31B98244F0049F590 /* Frameworks */ = {
			isa = PBXFrameworksBuildPhase;
			buildActionMask = 2147483647;
			files = (
				A3E4811D1B98315000451D20 /* Finder.framework in Frameworks */,
				A370D4BB1BAC137B00C5DE95 /* Printer.framework in Frameworks */,
				A33F089F1B98AD9C00950857 /* Caprice.framework in Frameworks */,
				A31402CF1B9DF72A00AE011B /* Temper.framework in Frameworks */,
				A3E54CED1B9DA97300B83273 /* BoundariesKit.framework in Frameworks */,
				A33D61FB1B983D6400C6F3C3 /* Scissors.framework in Frameworks */,
			);
			runOnlyForDeploymentPostprocessing = 0;
		};
		A36B2F021B98244F0049F590 /* Frameworks */ = {
			isa = PBXFrameworksBuildPhase;
			buildActionMask = 2147483647;
			files = (
				A3CB26531B9DF6FA00802E80 /* Quick.framework in Frameworks */,
				A3CB26521B9DF6FA00802E80 /* Nimble.framework in Frameworks */,
			);
			runOnlyForDeploymentPostprocessing = 0;
		};
/* End PBXFrameworksBuildPhase section */

/* Begin PBXGroup section */
		A33033931B982629000E683F /* Modules */ = {
			isa = PBXGroup;
			children = (
				A370D4B01BAC135900C5DE95 /* Printer.xcodeproj */,
				A384595B1B987ED800175BFA /* Caprices.xcodeproj */,
				A3E480EB1B982EFC00451D20 /* Finder.xcodeproj */,
				A33D61EF1B983D4A00C6F3C3 /* Scissors.xcodeproj */,
				A33D62391B98435400C6F3C3 /* Temper.xcodeproj */,
				A3E54CCC1B9DA24B00B83273 /* BoundariesKit.xcodeproj */,
			);
			name = Modules;
			sourceTree = "<group>";
		};
		A33D61F01B983D4A00C6F3C3 /* Products */ = {
			isa = PBXGroup;
			children = (
				A33D61F71B983D4A00C6F3C3 /* Scissors.framework */,
				A33D61F91B983D4A00C6F3C3 /* ScissorsTests.xctest */,
			);
			name = Products;
			sourceTree = "<group>";
		};
		A33D623A1B98435400C6F3C3 /* Products */ = {
			isa = PBXGroup;
			children = (
				A33D62421B98435400C6F3C3 /* Temper.framework */,
				A33D62441B98435400C6F3C3 /* TemperTests.xctest */,
			);
			name = Products;
			sourceTree = "<group>";
		};
		A368A40A1BB3F5FC0029BDF7 /* IntegrationTests */ = {
			isa = PBXGroup;
			children = (
				A368A40B1BB3F5FC0029BDF7 /* IntegrationTests.swift */,
				A368A40D1BB3F5FC0029BDF7 /* Info.plist */,
			);
			path = IntegrationTests;
			sourceTree = "<group>";
		};
		A36B2EED1B98244F0049F590 = {
			isa = PBXGroup;
			children = (
				A36B2EF81B98244F0049F590 /* Taylor */,
				A36B2F081B98244F0049F590 /* TaylorTests */,
				A3E54CEA1B9DA96300B83273 /* Common */,
				A3CB264F1B9DF6FA00802E80 /* CommonTestsSources */,
				A33033931B982629000E683F /* Modules */,
				A368A40A1BB3F5FC0029BDF7 /* IntegrationTests */,
				A36B2EF71B98244F0049F590 /* Products */,
			);
			sourceTree = "<group>";
		};
		A36B2EF71B98244F0049F590 /* Products */ = {
			isa = PBXGroup;
			children = (
				A36B2EF61B98244F0049F590 /* Taylor.app */,
				A36B2F051B98244F0049F590 /* TaylorTests.xctest */,
				A368A4091BB3F5FC0029BDF7 /* IntegrationTests.xctest */,
			);
			name = Products;
			sourceTree = "<group>";
		};
		A36B2EF81B98244F0049F590 /* Taylor */ = {
			isa = PBXGroup;
			children = (
				A33033911B982605000E683F /* main.swift */,
				A36B2F001B98244F0049F590 /* Info.plist */,
			);
			path = Taylor;
			sourceTree = "<group>";
		};
		A36B2F081B98244F0049F590 /* TaylorTests */ = {
			isa = PBXGroup;
			children = (
				A36B2F091B98244F0049F590 /* TaylorTests.swift */,
				A36B2F0B1B98244F0049F590 /* Info.plist */,
			);
			path = TaylorTests;
			sourceTree = "<group>";
		};
		A370D4B11BAC135900C5DE95 /* Products */ = {
			isa = PBXGroup;
			children = (
				A370D4B61BAC135900C5DE95 /* Printer.framework */,
				A370D4B81BAC135900C5DE95 /* PrinterTests.xctest */,
			);
			name = Products;
			sourceTree = "<group>";
		};
		A384595C1B987ED800175BFA /* Products */ = {
			isa = PBXGroup;
			children = (
				A33F08941B98A9BC00950857 /* Caprice.framework */,
				A33F08961B98A9BC00950857 /* CapriceTests.xctest */,
			);
			name = Products;
			sourceTree = "<group>";
		};
		A3CB264F1B9DF6FA00802E80 /* CommonTestsSources */ = {
			isa = PBXGroup;
			children = (
				A3CB26501B9DF6FA00802E80 /* Nimble.framework */,
				A3CB26511B9DF6FA00802E80 /* Quick.framework */,
			);
			path = CommonTestsSources;
			sourceTree = "<group>";
		};
		A3E480EC1B982EFC00451D20 /* Products */ = {
			isa = PBXGroup;
			children = (
				A3E480F11B982EFC00451D20 /* Finder.framework */,
				A3E480F31B982EFC00451D20 /* FinderTests.xctest */,
			);
			name = Products;
			sourceTree = "<group>";
		};
		A3E54CCD1B9DA24B00B83273 /* Products */ = {
			isa = PBXGroup;
			children = (
				A3E54CD21B9DA24B00B83273 /* BoundariesKit.framework */,
				A3E54CD41B9DA24B00B83273 /* BoundariesKitTests.xctest */,
			);
			name = Products;
			sourceTree = "<group>";
		};
		A3E54CEA1B9DA96300B83273 /* Common */ = {
			isa = PBXGroup;
			children = (
				A37E1BB51BA98C0D00C56372 /* Printer.framework */,
				A3E54CEB1B9DA96300B83273 /* BoundariesKit.framework */,
			);
			path = Common;
			sourceTree = "<group>";
		};
/* End PBXGroup section */

/* Begin PBXNativeTarget section */
		A368A4081BB3F5FC0029BDF7 /* IntegrationTests */ = {
			isa = PBXNativeTarget;
			buildConfigurationList = A368A40E1BB3F5FC0029BDF7 /* Build configuration list for PBXNativeTarget "IntegrationTests" */;
			buildPhases = (
				A368A4051BB3F5FC0029BDF7 /* Sources */,
				A368A4061BB3F5FC0029BDF7 /* Frameworks */,
				A368A4071BB3F5FC0029BDF7 /* Resources */,
				A368A4111BB3F6010029BDF7 /* CopyFiles */,
			);
			buildRules = (
			);
			dependencies = (
				A368A4191BB3F6D80029BDF7 /* PBXTargetDependency */,
				A368A41B1BB3F6D80029BDF7 /* PBXTargetDependency */,
			);
			name = IntegrationTests;
			productName = IntegrationTests;
			productReference = A368A4091BB3F5FC0029BDF7 /* IntegrationTests.xctest */;
			productType = "com.apple.product-type.bundle.unit-test";
		};
		A36B2EF51B98244F0049F590 /* Taylor */ = {
			isa = PBXNativeTarget;
			buildConfigurationList = A36B2F0E1B98244F0049F590 /* Build configuration list for PBXNativeTarget "Taylor" */;
			buildPhases = (
				A36B2EF21B98244F0049F590 /* Sources */,
				A36B2EF31B98244F0049F590 /* Frameworks */,
				A36B2EF41B98244F0049F590 /* Resources */,
				A36B2F4A1B9828670049F590 /* Embed Frameworks */,
				A370D4AF1BABF86400C5DE95 /* App Deploy */,
			);
			buildRules = (
			);
			dependencies = (
				A370D4BA1BAC136200C5DE95 /* PBXTargetDependency */,
				A33F08901B98A9BC00950857 /* PBXTargetDependency */,
				A3E481201B98315000451D20 /* PBXTargetDependency */,
				A33D61FE1B983D6400C6F3C3 /* PBXTargetDependency */,
				A33F08A21B98AD9C00950857 /* PBXTargetDependency */,
				A3E54CDA1B9DA27700B83273 /* PBXTargetDependency */,
				A31402D21B9DF72A00AE011B /* PBXTargetDependency */,
				A3F76B641BB298C800520A31 /* PBXTargetDependency */,
			);
			name = Taylor;
			productName = Taylor;
			productReference = A36B2EF61B98244F0049F590 /* Taylor.app */;
			productType = "com.apple.product-type.application";
		};
		A36B2F041B98244F0049F590 /* TaylorTests */ = {
			isa = PBXNativeTarget;
			buildConfigurationList = A36B2F111B98244F0049F590 /* Build configuration list for PBXNativeTarget "TaylorTests" */;
			buildPhases = (
				A36B2F011B98244F0049F590 /* Sources */,
				A36B2F021B98244F0049F590 /* Frameworks */,
				A36B2F031B98244F0049F590 /* Resources */,
				A31402D91B9DF74200AE011B /* CopyFiles */,
			);
			buildRules = (
			);
			dependencies = (
				A36B2F071B98244F0049F590 /* PBXTargetDependency */,
			);
			name = TaylorTests;
			productName = TaylorTests;
			productReference = A36B2F051B98244F0049F590 /* TaylorTests.xctest */;
			productType = "com.apple.product-type.bundle.unit-test";
		};
/* End PBXNativeTarget section */

/* Begin PBXProject section */
		A36B2EEE1B98244F0049F590 /* Project object */ = {
			isa = PBXProject;
			attributes = {
				LastUpgradeCheck = 0700;
				ORGANIZATIONNAME = YOPESO;
				TargetAttributes = {
					A368A4081BB3F5FC0029BDF7 = {
						CreatedOnToolsVersion = 7.0;
					};
					A36B2EF51B98244F0049F590 = {
						CreatedOnToolsVersion = 7.0;
					};
					A36B2F041B98244F0049F590 = {
						CreatedOnToolsVersion = 7.0;
						TestTargetID = A36B2EF51B98244F0049F590;
					};
				};
			};
			buildConfigurationList = A36B2EF11B98244F0049F590 /* Build configuration list for PBXProject "Taylor" */;
			compatibilityVersion = "Xcode 3.2";
			developmentRegion = English;
			hasScannedForEncodings = 0;
			knownRegions = (
				en,
				Base,
			);
			mainGroup = A36B2EED1B98244F0049F590;
			productRefGroup = A36B2EF71B98244F0049F590 /* Products */;
			projectDirPath = "";
			projectReferences = (
				{
					ProductGroup = A3E54CCD1B9DA24B00B83273 /* Products */;
					ProjectRef = A3E54CCC1B9DA24B00B83273 /* BoundariesKit.xcodeproj */;
				},
				{
					ProductGroup = A384595C1B987ED800175BFA /* Products */;
					ProjectRef = A384595B1B987ED800175BFA /* Caprices.xcodeproj */;
				},
				{
					ProductGroup = A3E480EC1B982EFC00451D20 /* Products */;
					ProjectRef = A3E480EB1B982EFC00451D20 /* Finder.xcodeproj */;
				},
				{
					ProductGroup = A370D4B11BAC135900C5DE95 /* Products */;
					ProjectRef = A370D4B01BAC135900C5DE95 /* Printer.xcodeproj */;
				},
				{
					ProductGroup = A33D61F01B983D4A00C6F3C3 /* Products */;
					ProjectRef = A33D61EF1B983D4A00C6F3C3 /* Scissors.xcodeproj */;
				},
				{
					ProductGroup = A33D623A1B98435400C6F3C3 /* Products */;
					ProjectRef = A33D62391B98435400C6F3C3 /* Temper.xcodeproj */;
				},
			);
			projectRoot = "";
			targets = (
				A36B2EF51B98244F0049F590 /* Taylor */,
				A36B2F041B98244F0049F590 /* TaylorTests */,
				A368A4081BB3F5FC0029BDF7 /* IntegrationTests */,
			);
		};
/* End PBXProject section */

/* Begin PBXReferenceProxy section */
		A33D61F71B983D4A00C6F3C3 /* Scissors.framework */ = {
			isa = PBXReferenceProxy;
			fileType = wrapper.framework;
			path = Scissors.framework;
			remoteRef = A33D61F61B983D4A00C6F3C3 /* PBXContainerItemProxy */;
			sourceTree = BUILT_PRODUCTS_DIR;
		};
		A33D61F91B983D4A00C6F3C3 /* ScissorsTests.xctest */ = {
			isa = PBXReferenceProxy;
			fileType = wrapper.cfbundle;
			path = ScissorsTests.xctest;
			remoteRef = A33D61F81B983D4A00C6F3C3 /* PBXContainerItemProxy */;
			sourceTree = BUILT_PRODUCTS_DIR;
		};
		A33D62421B98435400C6F3C3 /* Temper.framework */ = {
			isa = PBXReferenceProxy;
			fileType = wrapper.framework;
			path = Temper.framework;
			remoteRef = A33D62411B98435400C6F3C3 /* PBXContainerItemProxy */;
			sourceTree = BUILT_PRODUCTS_DIR;
		};
		A33D62441B98435400C6F3C3 /* TemperTests.xctest */ = {
			isa = PBXReferenceProxy;
			fileType = wrapper.cfbundle;
			path = TemperTests.xctest;
			remoteRef = A33D62431B98435400C6F3C3 /* PBXContainerItemProxy */;
			sourceTree = BUILT_PRODUCTS_DIR;
		};
		A33F08941B98A9BC00950857 /* Caprice.framework */ = {
			isa = PBXReferenceProxy;
			fileType = wrapper.framework;
			path = Caprice.framework;
			remoteRef = A33F08931B98A9BC00950857 /* PBXContainerItemProxy */;
			sourceTree = BUILT_PRODUCTS_DIR;
		};
		A33F08961B98A9BC00950857 /* CapriceTests.xctest */ = {
			isa = PBXReferenceProxy;
			fileType = wrapper.cfbundle;
			path = CapriceTests.xctest;
			remoteRef = A33F08951B98A9BC00950857 /* PBXContainerItemProxy */;
			sourceTree = BUILT_PRODUCTS_DIR;
		};
		A370D4B61BAC135900C5DE95 /* Printer.framework */ = {
			isa = PBXReferenceProxy;
			fileType = wrapper.framework;
			path = Printer.framework;
			remoteRef = A370D4B51BAC135900C5DE95 /* PBXContainerItemProxy */;
			sourceTree = BUILT_PRODUCTS_DIR;
		};
		A370D4B81BAC135900C5DE95 /* PrinterTests.xctest */ = {
			isa = PBXReferenceProxy;
			fileType = wrapper.cfbundle;
			path = PrinterTests.xctest;
			remoteRef = A370D4B71BAC135900C5DE95 /* PBXContainerItemProxy */;
			sourceTree = BUILT_PRODUCTS_DIR;
		};
		A3E480F11B982EFC00451D20 /* Finder.framework */ = {
			isa = PBXReferenceProxy;
			fileType = wrapper.framework;
			path = Finder.framework;
			remoteRef = A3E480F01B982EFC00451D20 /* PBXContainerItemProxy */;
			sourceTree = BUILT_PRODUCTS_DIR;
		};
		A3E480F31B982EFC00451D20 /* FinderTests.xctest */ = {
			isa = PBXReferenceProxy;
			fileType = wrapper.cfbundle;
			path = FinderTests.xctest;
			remoteRef = A3E480F21B982EFC00451D20 /* PBXContainerItemProxy */;
			sourceTree = BUILT_PRODUCTS_DIR;
		};
		A3E54CD21B9DA24B00B83273 /* BoundariesKit.framework */ = {
			isa = PBXReferenceProxy;
			fileType = wrapper.framework;
			path = BoundariesKit.framework;
			remoteRef = A3E54CD11B9DA24B00B83273 /* PBXContainerItemProxy */;
			sourceTree = BUILT_PRODUCTS_DIR;
		};
		A3E54CD41B9DA24B00B83273 /* BoundariesKitTests.xctest */ = {
			isa = PBXReferenceProxy;
			fileType = wrapper.cfbundle;
			path = BoundariesKitTests.xctest;
			remoteRef = A3E54CD31B9DA24B00B83273 /* PBXContainerItemProxy */;
			sourceTree = BUILT_PRODUCTS_DIR;
		};
/* End PBXReferenceProxy section */

/* Begin PBXResourcesBuildPhase section */
		A368A4071BB3F5FC0029BDF7 /* Resources */ = {
			isa = PBXResourcesBuildPhase;
			buildActionMask = 2147483647;
			files = (
			);
			runOnlyForDeploymentPostprocessing = 0;
		};
		A36B2EF41B98244F0049F590 /* Resources */ = {
			isa = PBXResourcesBuildPhase;
			buildActionMask = 2147483647;
			files = (
			);
			runOnlyForDeploymentPostprocessing = 0;
		};
		A36B2F031B98244F0049F590 /* Resources */ = {
			isa = PBXResourcesBuildPhase;
			buildActionMask = 2147483647;
			files = (
			);
			runOnlyForDeploymentPostprocessing = 0;
		};
/* End PBXResourcesBuildPhase section */

/* Begin PBXShellScriptBuildPhase section */
		A370D4AF1BABF86400C5DE95 /* App Deploy */ = {
			isa = PBXShellScriptBuildPhase;
			buildActionMask = 2147483647;
			files = (
			);
			inputPaths = (
			);
			name = "App Deploy";
			outputPaths = (
			);
			runOnlyForDeploymentPostprocessing = 0;
			shellPath = /bin/sh;
			shellScript = "#FRAMEWORK_PATH=\"${BUILD_DIR}/${CONFIGURATION}/${FULL_PRODUCT_NAME}\"\n#. scripts/install.sh ${BUILD_DIR}/${CONFIGURATION}/${FULL_PRODUCT_NAME}";
		};
/* End PBXShellScriptBuildPhase section */

/* Begin PBXSourcesBuildPhase section */
		A368A4051BB3F5FC0029BDF7 /* Sources */ = {
			isa = PBXSourcesBuildPhase;
			buildActionMask = 2147483647;
			files = (
				A368A40C1BB3F5FC0029BDF7 /* IntegrationTests.swift in Sources */,
			);
			runOnlyForDeploymentPostprocessing = 0;
		};
		A36B2EF21B98244F0049F590 /* Sources */ = {
			isa = PBXSourcesBuildPhase;
			buildActionMask = 2147483647;
			files = (
				A33033921B982605000E683F /* main.swift in Sources */,
			);
			runOnlyForDeploymentPostprocessing = 0;
		};
		A36B2F011B98244F0049F590 /* Sources */ = {
			isa = PBXSourcesBuildPhase;
			buildActionMask = 2147483647;
			files = (
				A36B2F0A1B98244F0049F590 /* TaylorTests.swift in Sources */,
			);
			runOnlyForDeploymentPostprocessing = 0;
		};
/* End PBXSourcesBuildPhase section */

/* Begin PBXTargetDependency section */
		A31402D21B9DF72A00AE011B /* PBXTargetDependency */ = {
			isa = PBXTargetDependency;
			name = Temper;
			targetProxy = A31402D11B9DF72A00AE011B /* PBXContainerItemProxy */;
		};
		A33D61FE1B983D6400C6F3C3 /* PBXTargetDependency */ = {
			isa = PBXTargetDependency;
			name = Scissors;
			targetProxy = A33D61FD1B983D6400C6F3C3 /* PBXContainerItemProxy */;
		};
		A33F08901B98A9BC00950857 /* PBXTargetDependency */ = {
			isa = PBXTargetDependency;
			name = Caprice;
			targetProxy = A33F088F1B98A9BC00950857 /* PBXContainerItemProxy */;
		};
		A33F08A21B98AD9C00950857 /* PBXTargetDependency */ = {
			isa = PBXTargetDependency;
			name = Caprice;
			targetProxy = A33F08A11B98AD9C00950857 /* PBXContainerItemProxy */;
		};
		A368A4191BB3F6D80029BDF7 /* PBXTargetDependency */ = {
			isa = PBXTargetDependency;
			name = Scissors;
			targetProxy = A368A4181BB3F6D80029BDF7 /* PBXContainerItemProxy */;
		};
		A368A41B1BB3F6D80029BDF7 /* PBXTargetDependency */ = {
			isa = PBXTargetDependency;
			name = Temper;
			targetProxy = A368A41A1BB3F6D80029BDF7 /* PBXContainerItemProxy */;
		};
		A36B2F071B98244F0049F590 /* PBXTargetDependency */ = {
			isa = PBXTargetDependency;
			target = A36B2EF51B98244F0049F590 /* Taylor */;
			targetProxy = A36B2F061B98244F0049F590 /* PBXContainerItemProxy */;
		};
		A370D4BA1BAC136200C5DE95 /* PBXTargetDependency */ = {
			isa = PBXTargetDependency;
			name = Printer;
			targetProxy = A370D4B91BAC136200C5DE95 /* PBXContainerItemProxy */;
		};
		A3E481201B98315000451D20 /* PBXTargetDependency */ = {
			isa = PBXTargetDependency;
			name = Finder;
			targetProxy = A3E4811F1B98315000451D20 /* PBXContainerItemProxy */;
		};
		A3E54CDA1B9DA27700B83273 /* PBXTargetDependency */ = {
			isa = PBXTargetDependency;
			name = BoundariesKit;
			targetProxy = A3E54CD91B9DA27700B83273 /* PBXContainerItemProxy */;
		};
		A3F76B641BB298C800520A31 /* PBXTargetDependency */ = {
			isa = PBXTargetDependency;
			name = Printer;
			targetProxy = A3F76B631BB298C800520A31 /* PBXContainerItemProxy */;
		};
/* End PBXTargetDependency section */

/* Begin XCBuildConfiguration section */
		A368A40F1BB3F5FC0029BDF7 /* Debug */ = {
			isa = XCBuildConfiguration;
			buildSettings = {
				COMBINE_HIDPI_IMAGES = YES;
				FRAMEWORK_SEARCH_PATHS = (
					"$(inherited)",
					"$(PROJECT_DIR)/CommonTestsSources",
					"$(PROJECT_DIR)/Common",
				);
				GCC_PREPROCESSOR_DEFINITIONS = (
					"DEBUG=1",
					"$(inherited)",
				);
				INFOPLIST_FILE = IntegrationTests/Info.plist;
				LD_RUNPATH_SEARCH_PATHS = "$(inherited) @executable_path/../Frameworks @loader_path/../Frameworks";
				PRODUCT_BUNDLE_IDENTIFIER = com.yopeso.IntegrationTests;
				PRODUCT_NAME = "$(TARGET_NAME)";
			};
			name = Debug;
		};
		A368A4101BB3F5FC0029BDF7 /* Release */ = {
			isa = XCBuildConfiguration;
			buildSettings = {
				COMBINE_HIDPI_IMAGES = YES;
				FRAMEWORK_SEARCH_PATHS = (
					"$(inherited)",
					"$(PROJECT_DIR)/CommonTestsSources",
					"$(PROJECT_DIR)/Common",
				);
				INFOPLIST_FILE = IntegrationTests/Info.plist;
				LD_RUNPATH_SEARCH_PATHS = "$(inherited) @executable_path/../Frameworks @loader_path/../Frameworks";
				PRODUCT_BUNDLE_IDENTIFIER = com.yopeso.IntegrationTests;
				PRODUCT_NAME = "$(TARGET_NAME)";
			};
			name = Release;
		};
		A36B2F0C1B98244F0049F590 /* Debug */ = {
			isa = XCBuildConfiguration;
			buildSettings = {
				ALWAYS_SEARCH_USER_PATHS = NO;
				CLANG_CXX_LANGUAGE_STANDARD = "gnu++0x";
				CLANG_CXX_LIBRARY = "libc++";
				CLANG_ENABLE_MODULES = YES;
				CLANG_ENABLE_OBJC_ARC = YES;
				CLANG_WARN_BOOL_CONVERSION = YES;
				CLANG_WARN_CONSTANT_CONVERSION = YES;
				CLANG_WARN_DIRECT_OBJC_ISA_USAGE = YES_ERROR;
				CLANG_WARN_EMPTY_BODY = YES;
				CLANG_WARN_ENUM_CONVERSION = YES;
				CLANG_WARN_INT_CONVERSION = YES;
				CLANG_WARN_OBJC_ROOT_CLASS = YES_ERROR;
				CLANG_WARN_UNREACHABLE_CODE = YES;
				CLANG_WARN__DUPLICATE_METHOD_MATCH = YES;
				CODE_SIGN_IDENTITY = "-";
				COPY_PHASE_STRIP = NO;
				DEBUG_INFORMATION_FORMAT = dwarf;
				ENABLE_STRICT_OBJC_MSGSEND = YES;
				ENABLE_TESTABILITY = YES;
				GCC_C_LANGUAGE_STANDARD = gnu99;
				GCC_DYNAMIC_NO_PIC = NO;
				GCC_NO_COMMON_BLOCKS = YES;
				GCC_OPTIMIZATION_LEVEL = 0;
				GCC_PREPROCESSOR_DEFINITIONS = (
					DEBUG,
					"$(inherited)",
				);
				GCC_WARN_64_TO_32_BIT_CONVERSION = YES;
				GCC_WARN_ABOUT_RETURN_TYPE = YES_ERROR;
				GCC_WARN_UNDECLARED_SELECTOR = YES;
				GCC_WARN_UNINITIALIZED_AUTOS = YES_AGGRESSIVE;
				GCC_WARN_UNUSED_FUNCTION = YES;
				GCC_WARN_UNUSED_VARIABLE = YES;
				MACOSX_DEPLOYMENT_TARGET = 10.10;
				MTL_ENABLE_DEBUG_INFO = YES;
				ONLY_ACTIVE_ARCH = YES;
				OTHER_SWIFT_FLAGS = "-D DEBUG";
				SDKROOT = macosx;
				SWIFT_OPTIMIZATION_LEVEL = "-Onone";
			};
			name = Debug;
		};
		A36B2F0D1B98244F0049F590 /* Release */ = {
			isa = XCBuildConfiguration;
			buildSettings = {
				ALWAYS_SEARCH_USER_PATHS = NO;
				CLANG_CXX_LANGUAGE_STANDARD = "gnu++0x";
				CLANG_CXX_LIBRARY = "libc++";
				CLANG_ENABLE_MODULES = YES;
				CLANG_ENABLE_OBJC_ARC = YES;
				CLANG_WARN_BOOL_CONVERSION = YES;
				CLANG_WARN_CONSTANT_CONVERSION = YES;
				CLANG_WARN_DIRECT_OBJC_ISA_USAGE = YES_ERROR;
				CLANG_WARN_EMPTY_BODY = YES;
				CLANG_WARN_ENUM_CONVERSION = YES;
				CLANG_WARN_INT_CONVERSION = YES;
				CLANG_WARN_OBJC_ROOT_CLASS = YES_ERROR;
				CLANG_WARN_UNREACHABLE_CODE = YES;
				CLANG_WARN__DUPLICATE_METHOD_MATCH = YES;
				CODE_SIGN_IDENTITY = "-";
				COPY_PHASE_STRIP = NO;
				DEBUG_INFORMATION_FORMAT = "dwarf-with-dsym";
				ENABLE_NS_ASSERTIONS = NO;
				ENABLE_STRICT_OBJC_MSGSEND = YES;
				GCC_C_LANGUAGE_STANDARD = gnu99;
				GCC_NO_COMMON_BLOCKS = YES;
				GCC_WARN_64_TO_32_BIT_CONVERSION = YES;
				GCC_WARN_ABOUT_RETURN_TYPE = YES_ERROR;
				GCC_WARN_UNDECLARED_SELECTOR = YES;
				GCC_WARN_UNINITIALIZED_AUTOS = YES_AGGRESSIVE;
				GCC_WARN_UNUSED_FUNCTION = YES;
				GCC_WARN_UNUSED_VARIABLE = YES;
				MACOSX_DEPLOYMENT_TARGET = 10.10;
				MTL_ENABLE_DEBUG_INFO = NO;
				OTHER_SWIFT_FLAGS = "-D DEBUG";
				SDKROOT = macosx;
			};
			name = Release;
		};
		A36B2F0F1B98244F0049F590 /* Debug */ = {
			isa = XCBuildConfiguration;
			buildSettings = {
				CLANG_ENABLE_MODULES = YES;
				CODE_SIGN_IDENTITY = "Developer ID Application";
				COMBINE_HIDPI_IMAGES = YES;
				EMBEDDED_CONTENT_CONTAINS_SWIFT = YES;
				FRAMEWORK_SEARCH_PATHS = (
					"$(inherited)",
					"$(PROJECT_DIR)/Taylor",
					"$(PROJECT_DIR)/Common",
				);
				INFOPLIST_FILE = Taylor/Info.plist;
				LD_RUNPATH_SEARCH_PATHS = "$(inherited) @executable_path/../Frameworks";
				PRODUCT_BUNDLE_IDENTIFIER = com.yopeso.Taylor;
				PRODUCT_NAME = "$(TARGET_NAME)";
				SWIFT_OPTIMIZATION_LEVEL = "-Onone";
			};
			name = Debug;
		};
		A36B2F101B98244F0049F590 /* Release */ = {
			isa = XCBuildConfiguration;
			buildSettings = {
				CLANG_ENABLE_MODULES = YES;
				CODE_SIGN_IDENTITY = "Developer ID Application";
				COMBINE_HIDPI_IMAGES = YES;
				EMBEDDED_CONTENT_CONTAINS_SWIFT = YES;
				FRAMEWORK_SEARCH_PATHS = (
					"$(inherited)",
					"$(PROJECT_DIR)/Taylor",
					"$(PROJECT_DIR)/Common",
				);
				INFOPLIST_FILE = Taylor/Info.plist;
				LD_RUNPATH_SEARCH_PATHS = "$(inherited) @executable_path/../Frameworks";
				OTHER_SWIFT_FLAGS = "";
				PRODUCT_BUNDLE_IDENTIFIER = com.yopeso.Taylor;
				PRODUCT_NAME = "$(TARGET_NAME)";
			};
			name = Release;
		};
		A36B2F121B98244F0049F590 /* Debug */ = {
			isa = XCBuildConfiguration;
			buildSettings = {
				BUNDLE_LOADER = "$(TEST_HOST)";
				COMBINE_HIDPI_IMAGES = YES;
				FRAMEWORK_SEARCH_PATHS = (
					"$(inherited)",
					"$(PROJECT_DIR)/CommonTestsSources",
				);
				INFOPLIST_FILE = TaylorTests/Info.plist;
				LD_RUNPATH_SEARCH_PATHS = "$(inherited) @executable_path/../Frameworks @loader_path/../Frameworks";
				PRODUCT_BUNDLE_IDENTIFIER = com.yopeso.TaylorTests;
				PRODUCT_NAME = "$(TARGET_NAME)";
				TEST_HOST = "$(BUILT_PRODUCTS_DIR)/Taylor.app/Contents/MacOS/Taylor";
			};
			name = Debug;
		};
		A36B2F131B98244F0049F590 /* Release */ = {
			isa = XCBuildConfiguration;
			buildSettings = {
				BUNDLE_LOADER = "$(TEST_HOST)";
				COMBINE_HIDPI_IMAGES = YES;
				FRAMEWORK_SEARCH_PATHS = (
					"$(inherited)",
					"$(PROJECT_DIR)/CommonTestsSources",
				);
				INFOPLIST_FILE = TaylorTests/Info.plist;
				LD_RUNPATH_SEARCH_PATHS = "$(inherited) @executable_path/../Frameworks @loader_path/../Frameworks";
				PRODUCT_BUNDLE_IDENTIFIER = com.yopeso.TaylorTests;
				PRODUCT_NAME = "$(TARGET_NAME)";
				TEST_HOST = "$(BUILT_PRODUCTS_DIR)/Taylor.app/Contents/MacOS/Taylor";
			};
			name = Release;
		};
/* End XCBuildConfiguration section */

/* Begin XCConfigurationList section */
		A368A40E1BB3F5FC0029BDF7 /* Build configuration list for PBXNativeTarget "IntegrationTests" */ = {
			isa = XCConfigurationList;
			buildConfigurations = (
				A368A40F1BB3F5FC0029BDF7 /* Debug */,
				A368A4101BB3F5FC0029BDF7 /* Release */,
			);
			defaultConfigurationIsVisible = 0;
			defaultConfigurationName = Release;
		};
		A36B2EF11B98244F0049F590 /* Build configuration list for PBXProject "Taylor" */ = {
			isa = XCConfigurationList;
			buildConfigurations = (
				A36B2F0C1B98244F0049F590 /* Debug */,
				A36B2F0D1B98244F0049F590 /* Release */,
			);
			defaultConfigurationIsVisible = 0;
			defaultConfigurationName = Release;
		};
		A36B2F0E1B98244F0049F590 /* Build configuration list for PBXNativeTarget "Taylor" */ = {
			isa = XCConfigurationList;
			buildConfigurations = (
				A36B2F0F1B98244F0049F590 /* Debug */,
				A36B2F101B98244F0049F590 /* Release */,
			);
			defaultConfigurationIsVisible = 0;
			defaultConfigurationName = Release;
		};
		A36B2F111B98244F0049F590 /* Build configuration list for PBXNativeTarget "TaylorTests" */ = {
			isa = XCConfigurationList;
			buildConfigurations = (
				A36B2F121B98244F0049F590 /* Debug */,
				A36B2F131B98244F0049F590 /* Release */,
			);
			defaultConfigurationIsVisible = 0;
			defaultConfigurationName = Release;
		};
/* End XCConfigurationList section */
	};
	rootObject = A36B2EEE1B98244F0049F590 /* Project object */;
}
